{
  "object": {
    "pins": [
      {
        "package": "SwiftCompression",
        "repositoryURL": "https://github.com/SusanDoggie/SwiftCompression.git",
        "state": {
          "branch": "master",
          "revision": "2b6736f4af952e785e422f2d6942ed461786cbca",
          "version": null
        }
      }
    ]
  },
  "version": 1
}
