{
  "object": {
    "pins": [
      {
        "package": "SwiftCompression",
        "repositoryURL": "https://github.com/SusanDoggie/SwiftCompression.git",
        "state": {
          "branch": "master",
          "revision": "a377a93fd4b3dbbbbc0ef99cb0c8cc900dfac795",
          "version": null
        }
      }
    ]
  },
  "version": 1
}
