// !$*UTF8*$!
{
	archiveVersion = 1;
	classes = {
	};
	objectVersion = 46;
	objects = {

/* Begin PBXBuildFile section */
		081321DD1C11D1850081B2B9 /* Doggie_iOS.framework in Frameworks */ = {isa = PBXBuildFile; fileRef = 081321D31C11D1840081B2B9 /* Doggie_iOS.framework */; };
		081321EA1C11D2C40081B2B9 /* EncryptionTests.swift in Sources */ = {isa = PBXBuildFile; fileRef = 08AF77AF1A3A10510042491F /* EncryptionTests.swift */; };
		081321EB1C11D2C60081B2B9 /* FourierTest.swift in Sources */ = {isa = PBXBuildFile; fileRef = 08BFF9B91B0715ED00EC88CB /* FourierTest.swift */; };
		081321EC1C11D3600081B2B9 /* AccelerateWrapper.swift in Sources */ = {isa = PBXBuildFile; fileRef = 0858DA421C0550B7007FA426 /* AccelerateWrapper.swift */; };
		081321ED1C11D3600081B2B9 /* Arithmetic.swift in Sources */ = {isa = PBXBuildFile; fileRef = 0858DA431C0550B7007FA426 /* Arithmetic.swift */; };
		081321EE1C11D3600081B2B9 /* CircularConvolve.swift in Sources */ = {isa = PBXBuildFile; fileRef = 0858DA441C0550B7007FA426 /* CircularConvolve.swift */; };
		081321EF1C11D3600081B2B9 /* ComplexConversion.swift in Sources */ = {isa = PBXBuildFile; fileRef = 0858DA451C0550B7007FA426 /* ComplexConversion.swift */; };
		081321F01C11D3600081B2B9 /* Conversion.swift in Sources */ = {isa = PBXBuildFile; fileRef = 0858DA461C0550B7007FA426 /* Conversion.swift */; };
		081321F11C11D3600081B2B9 /* CooleyTukey.swift in Sources */ = {isa = PBXBuildFile; fileRef = 0858DA471C0550B7007FA426 /* CooleyTukey.swift */; };
		081321F21C11D3600081B2B9 /* DiscreteConvolve.swift in Sources */ = {isa = PBXBuildFile; fileRef = 0858DA481C0550B7007FA426 /* DiscreteConvolve.swift */; };
		081321F41C11D3600081B2B9 /* Move.swift in Sources */ = {isa = PBXBuildFile; fileRef = 0858DA4A1C0550B7007FA426 /* Move.swift */; };
		081321F61C11D3600081B2B9 /* SafeFunction.swift in Sources */ = {isa = PBXBuildFile; fileRef = 0858DA4C1C0550B7007FA426 /* SafeFunction.swift */; };
		081321F71C11D3600081B2B9 /* Transpose.swift in Sources */ = {isa = PBXBuildFile; fileRef = 0858DA4D1C0550B7007FA426 /* Transpose.swift */; };
		081321F81C11D3600081B2B9 /* Color.swift in Sources */ = {isa = PBXBuildFile; fileRef = 0858DA4E1C0550B7007FA426 /* Color.swift */; };
		081321F91C11D3600081B2B9 /* CommonFunction.swift in Sources */ = {isa = PBXBuildFile; fileRef = 0858DA501C0550B7007FA426 /* CommonFunction.swift */; };
		081321FA1C11D3600081B2B9 /* HashWrapper.swift in Sources */ = {isa = PBXBuildFile; fileRef = 0858DA511C0550B7007FA426 /* HashWrapper.swift */; };
		081321FB1C11D3600081B2B9 /* hmac.swift in Sources */ = {isa = PBXBuildFile; fileRef = 0858DA521C0550B7007FA426 /* hmac.swift */; };
		081321FC1C11D3600081B2B9 /* md5.swift in Sources */ = {isa = PBXBuildFile; fileRef = 0858DA531C0550B7007FA426 /* md5.swift */; };
		081321FD1C11D3600081B2B9 /* SecureBuffer.swift in Sources */ = {isa = PBXBuildFile; fileRef = 0858DA541C0550B7007FA426 /* SecureBuffer.swift */; };
		081321FE1C11D3600081B2B9 /* sha1.swift in Sources */ = {isa = PBXBuildFile; fileRef = 0858DA551C0550B7007FA426 /* sha1.swift */; };
		081321FF1C11D3600081B2B9 /* sha224.swift in Sources */ = {isa = PBXBuildFile; fileRef = 0858DA561C0550B7007FA426 /* sha224.swift */; };
		081322001C11D3600081B2B9 /* sha256.swift in Sources */ = {isa = PBXBuildFile; fileRef = 0858DA571C0550B7007FA426 /* sha256.swift */; };
		081322011C11D3600081B2B9 /* sha384.swift in Sources */ = {isa = PBXBuildFile; fileRef = 0858DA581C0550B7007FA426 /* sha384.swift */; };
		081322021C11D3600081B2B9 /* sha512.swift in Sources */ = {isa = PBXBuildFile; fileRef = 0858DA591C0550B7007FA426 /* sha512.swift */; };
		081322041C11D3600081B2B9 /* Fourier.swift in Sources */ = {isa = PBXBuildFile; fileRef = 0858DB451C055172007FA426 /* Fourier.swift */; };
		081322051C11D3600081B2B9 /* Json.swift in Sources */ = {isa = PBXBuildFile; fileRef = 0858DA5C1C0550B7007FA426 /* Json.swift */; };
		081322061C11D3600081B2B9 /* JsonParser.swift in Sources */ = {isa = PBXBuildFile; fileRef = 0858DA5D1C0550B7007FA426 /* JsonParser.swift */; };
		081322071C11D3600081B2B9 /* Complex.swift in Sources */ = {isa = PBXBuildFile; fileRef = 0858DA5F1C0550B7007FA426 /* Complex.swift */; };
		081322081C11D3600081B2B9 /* Geometry.swift in Sources */ = {isa = PBXBuildFile; fileRef = 0858DA601C0550B7007FA426 /* Geometry.swift */; };
		081322091C11D3600081B2B9 /* Maths.swift in Sources */ = {isa = PBXBuildFile; fileRef = 0858DA611C0550B7007FA426 /* Maths.swift */; };
		0813220A1C11D3600081B2B9 /* Matrix.swift in Sources */ = {isa = PBXBuildFile; fileRef = 0858DA621C0550B7007FA426 /* Matrix.swift */; };
		0813220B1C11D3600081B2B9 /* Point.swift in Sources */ = {isa = PBXBuildFile; fileRef = 0858DA631C0550B7007FA426 /* Point.swift */; };
		0813220C1C11D3600081B2B9 /* Polynomial.swift in Sources */ = {isa = PBXBuildFile; fileRef = 0858DA641C0550B7007FA426 /* Polynomial.swift */; };
		0813220D1C11D3600081B2B9 /* Prime.swift in Sources */ = {isa = PBXBuildFile; fileRef = 0858DA651C0550B7007FA426 /* Prime.swift */; };
		0813220E1C11D3600081B2B9 /* Random.swift in Sources */ = {isa = PBXBuildFile; fileRef = 0858DA661C0550B7007FA426 /* Random.swift */; };
		0813220F1C11D3600081B2B9 /* Rect.swift in Sources */ = {isa = PBXBuildFile; fileRef = 0858DA671C0550B7007FA426 /* Rect.swift */; };
		081322101C11D3600081B2B9 /* SDTransform.swift in Sources */ = {isa = PBXBuildFile; fileRef = 0858DA681C0550B7007FA426 /* SDTransform.swift */; };
		081322111C11D3600081B2B9 /* Vector.swift in Sources */ = {isa = PBXBuildFile; fileRef = 0858DA691C0550B7007FA426 /* Vector.swift */; };
		081322131C11D3600081B2B9 /* Regex.swift in Sources */ = {isa = PBXBuildFile; fileRef = 0858DA6B1C0550B7007FA426 /* Regex.swift */; };
		081322141C11D3600081B2B9 /* SDAspects.swift in Sources */ = {isa = PBXBuildFile; fileRef = 0858DA6C1C0550B7007FA426 /* SDAspects.swift */; };
		081322151C11D3600081B2B9 /* SDAtomicNode.swift in Sources */ = {isa = PBXBuildFile; fileRef = 0858DA6D1C0550B7007FA426 /* SDAtomicNode.swift */; };
		081322161C11D3600081B2B9 /* SDEllipse.swift in Sources */ = {isa = PBXBuildFile; fileRef = 0858DA6F1C0550B7007FA426 /* SDEllipse.swift */; };
		081322171C11D3600081B2B9 /* SDGraphic.swift in Sources */ = {isa = PBXBuildFile; fileRef = 0858DA701C0550B7007FA426 /* SDGraphic.swift */; };
		081322181C11D3600081B2B9 /* SDPath.swift in Sources */ = {isa = PBXBuildFile; fileRef = 0858DA711C0550B7007FA426 /* SDPath.swift */; };
		081322191C11D3600081B2B9 /* SDPathCoder.swift in Sources */ = {isa = PBXBuildFile; fileRef = 0858DA721C0550B7007FA426 /* SDPathCoder.swift */; };
		0813221B1C11D3600081B2B9 /* SDRectangle.swift in Sources */ = {isa = PBXBuildFile; fileRef = 0858DA741C0550B7007FA426 /* SDRectangle.swift */; };
		0813221C1C11D3600081B2B9 /* SDShape.swift in Sources */ = {isa = PBXBuildFile; fileRef = 0858DA751C0550B7007FA426 /* SDShape.swift */; };
		0813221D1C11D3600081B2B9 /* Serialization.swift in Sources */ = {isa = PBXBuildFile; fileRef = 0858DA761C0550B7007FA426 /* Serialization.swift */; };
		0813221F1C11D3600081B2B9 /* UUID.swift in Sources */ = {isa = PBXBuildFile; fileRef = 0858DA781C0550B7007FA426 /* UUID.swift */; };
		081322201C11D3600081B2B9 /* AccelerateWrapper.swift in Sources */ = {isa = PBXBuildFile; fileRef = 0858DA421C0550B7007FA426 /* AccelerateWrapper.swift */; };
		081322211C11D3600081B2B9 /* Arithmetic.swift in Sources */ = {isa = PBXBuildFile; fileRef = 0858DA431C0550B7007FA426 /* Arithmetic.swift */; };
		081322221C11D3600081B2B9 /* CircularConvolve.swift in Sources */ = {isa = PBXBuildFile; fileRef = 0858DA441C0550B7007FA426 /* CircularConvolve.swift */; };
		081322231C11D3600081B2B9 /* ComplexConversion.swift in Sources */ = {isa = PBXBuildFile; fileRef = 0858DA451C0550B7007FA426 /* ComplexConversion.swift */; };
		081322241C11D3600081B2B9 /* Conversion.swift in Sources */ = {isa = PBXBuildFile; fileRef = 0858DA461C0550B7007FA426 /* Conversion.swift */; };
		081322251C11D3600081B2B9 /* CooleyTukey.swift in Sources */ = {isa = PBXBuildFile; fileRef = 0858DA471C0550B7007FA426 /* CooleyTukey.swift */; };
		081322261C11D3600081B2B9 /* DiscreteConvolve.swift in Sources */ = {isa = PBXBuildFile; fileRef = 0858DA481C0550B7007FA426 /* DiscreteConvolve.swift */; };
		081322281C11D3600081B2B9 /* Move.swift in Sources */ = {isa = PBXBuildFile; fileRef = 0858DA4A1C0550B7007FA426 /* Move.swift */; };
		0813222A1C11D3600081B2B9 /* SafeFunction.swift in Sources */ = {isa = PBXBuildFile; fileRef = 0858DA4C1C0550B7007FA426 /* SafeFunction.swift */; };
		0813222B1C11D3600081B2B9 /* Transpose.swift in Sources */ = {isa = PBXBuildFile; fileRef = 0858DA4D1C0550B7007FA426 /* Transpose.swift */; };
		0813222C1C11D3600081B2B9 /* Color.swift in Sources */ = {isa = PBXBuildFile; fileRef = 0858DA4E1C0550B7007FA426 /* Color.swift */; };
		0813222D1C11D3600081B2B9 /* CommonFunction.swift in Sources */ = {isa = PBXBuildFile; fileRef = 0858DA501C0550B7007FA426 /* CommonFunction.swift */; };
		0813222E1C11D3600081B2B9 /* HashWrapper.swift in Sources */ = {isa = PBXBuildFile; fileRef = 0858DA511C0550B7007FA426 /* HashWrapper.swift */; };
		0813222F1C11D3600081B2B9 /* hmac.swift in Sources */ = {isa = PBXBuildFile; fileRef = 0858DA521C0550B7007FA426 /* hmac.swift */; };
		081322301C11D3600081B2B9 /* md5.swift in Sources */ = {isa = PBXBuildFile; fileRef = 0858DA531C0550B7007FA426 /* md5.swift */; };
		081322311C11D3600081B2B9 /* SecureBuffer.swift in Sources */ = {isa = PBXBuildFile; fileRef = 0858DA541C0550B7007FA426 /* SecureBuffer.swift */; };
		081322321C11D3600081B2B9 /* sha1.swift in Sources */ = {isa = PBXBuildFile; fileRef = 0858DA551C0550B7007FA426 /* sha1.swift */; };
		081322331C11D3600081B2B9 /* sha224.swift in Sources */ = {isa = PBXBuildFile; fileRef = 0858DA561C0550B7007FA426 /* sha224.swift */; };
		081322341C11D3600081B2B9 /* sha256.swift in Sources */ = {isa = PBXBuildFile; fileRef = 0858DA571C0550B7007FA426 /* sha256.swift */; };
		081322351C11D3600081B2B9 /* sha384.swift in Sources */ = {isa = PBXBuildFile; fileRef = 0858DA581C0550B7007FA426 /* sha384.swift */; };
		081322361C11D3600081B2B9 /* sha512.swift in Sources */ = {isa = PBXBuildFile; fileRef = 0858DA591C0550B7007FA426 /* sha512.swift */; };
		081322381C11D3600081B2B9 /* Fourier.swift in Sources */ = {isa = PBXBuildFile; fileRef = 0858DB451C055172007FA426 /* Fourier.swift */; };
		081322391C11D3600081B2B9 /* Json.swift in Sources */ = {isa = PBXBuildFile; fileRef = 0858DA5C1C0550B7007FA426 /* Json.swift */; };
		0813223A1C11D3600081B2B9 /* JsonParser.swift in Sources */ = {isa = PBXBuildFile; fileRef = 0858DA5D1C0550B7007FA426 /* JsonParser.swift */; };
		0813223B1C11D3600081B2B9 /* Complex.swift in Sources */ = {isa = PBXBuildFile; fileRef = 0858DA5F1C0550B7007FA426 /* Complex.swift */; };
		0813223C1C11D3600081B2B9 /* Geometry.swift in Sources */ = {isa = PBXBuildFile; fileRef = 0858DA601C0550B7007FA426 /* Geometry.swift */; };
		0813223D1C11D3600081B2B9 /* Maths.swift in Sources */ = {isa = PBXBuildFile; fileRef = 0858DA611C0550B7007FA426 /* Maths.swift */; };
		0813223E1C11D3600081B2B9 /* Matrix.swift in Sources */ = {isa = PBXBuildFile; fileRef = 0858DA621C0550B7007FA426 /* Matrix.swift */; };
		0813223F1C11D3600081B2B9 /* Point.swift in Sources */ = {isa = PBXBuildFile; fileRef = 0858DA631C0550B7007FA426 /* Point.swift */; };
		081322401C11D3600081B2B9 /* Polynomial.swift in Sources */ = {isa = PBXBuildFile; fileRef = 0858DA641C0550B7007FA426 /* Polynomial.swift */; };
		081322411C11D3600081B2B9 /* Prime.swift in Sources */ = {isa = PBXBuildFile; fileRef = 0858DA651C0550B7007FA426 /* Prime.swift */; };
		081322421C11D3600081B2B9 /* Random.swift in Sources */ = {isa = PBXBuildFile; fileRef = 0858DA661C0550B7007FA426 /* Random.swift */; };
		081322431C11D3600081B2B9 /* Rect.swift in Sources */ = {isa = PBXBuildFile; fileRef = 0858DA671C0550B7007FA426 /* Rect.swift */; };
		081322441C11D3600081B2B9 /* SDTransform.swift in Sources */ = {isa = PBXBuildFile; fileRef = 0858DA681C0550B7007FA426 /* SDTransform.swift */; };
		081322451C11D3600081B2B9 /* Vector.swift in Sources */ = {isa = PBXBuildFile; fileRef = 0858DA691C0550B7007FA426 /* Vector.swift */; };
		081322471C11D3600081B2B9 /* Regex.swift in Sources */ = {isa = PBXBuildFile; fileRef = 0858DA6B1C0550B7007FA426 /* Regex.swift */; };
		081322481C11D3600081B2B9 /* SDAspects.swift in Sources */ = {isa = PBXBuildFile; fileRef = 0858DA6C1C0550B7007FA426 /* SDAspects.swift */; };
		081322491C11D3600081B2B9 /* SDAtomicNode.swift in Sources */ = {isa = PBXBuildFile; fileRef = 0858DA6D1C0550B7007FA426 /* SDAtomicNode.swift */; };
		0813224A1C11D3600081B2B9 /* SDEllipse.swift in Sources */ = {isa = PBXBuildFile; fileRef = 0858DA6F1C0550B7007FA426 /* SDEllipse.swift */; };
		0813224B1C11D3600081B2B9 /* SDGraphic.swift in Sources */ = {isa = PBXBuildFile; fileRef = 0858DA701C0550B7007FA426 /* SDGraphic.swift */; };
		0813224C1C11D3600081B2B9 /* SDPath.swift in Sources */ = {isa = PBXBuildFile; fileRef = 0858DA711C0550B7007FA426 /* SDPath.swift */; };
		0813224D1C11D3600081B2B9 /* SDPathCoder.swift in Sources */ = {isa = PBXBuildFile; fileRef = 0858DA721C0550B7007FA426 /* SDPathCoder.swift */; };
		0813224F1C11D3600081B2B9 /* SDRectangle.swift in Sources */ = {isa = PBXBuildFile; fileRef = 0858DA741C0550B7007FA426 /* SDRectangle.swift */; };
		081322501C11D3600081B2B9 /* SDShape.swift in Sources */ = {isa = PBXBuildFile; fileRef = 0858DA751C0550B7007FA426 /* SDShape.swift */; };
		081322511C11D3600081B2B9 /* Serialization.swift in Sources */ = {isa = PBXBuildFile; fileRef = 0858DA761C0550B7007FA426 /* Serialization.swift */; };
		081322531C11D3600081B2B9 /* UUID.swift in Sources */ = {isa = PBXBuildFile; fileRef = 0858DA781C0550B7007FA426 /* UUID.swift */; };
		082516261C51C60A00F8F9B0 /* Doggie_iOS.h in Headers */ = {isa = PBXBuildFile; fileRef = 087FE59B1A372D5B005A2E9E /* Doggie_iOS.h */; settings = {ATTRIBUTES = (Public, ); }; };
		0858DA7B1C0550B7007FA426 /* AccelerateWrapper.swift in Sources */ = {isa = PBXBuildFile; fileRef = 0858DA421C0550B7007FA426 /* AccelerateWrapper.swift */; };
		0858DA7C1C0550B7007FA426 /* AccelerateWrapper.swift in Sources */ = {isa = PBXBuildFile; fileRef = 0858DA421C0550B7007FA426 /* AccelerateWrapper.swift */; };
		0858DA7F1C0550B7007FA426 /* Arithmetic.swift in Sources */ = {isa = PBXBuildFile; fileRef = 0858DA431C0550B7007FA426 /* Arithmetic.swift */; };
		0858DA801C0550B7007FA426 /* Arithmetic.swift in Sources */ = {isa = PBXBuildFile; fileRef = 0858DA431C0550B7007FA426 /* Arithmetic.swift */; };
		0858DA831C0550B7007FA426 /* CircularConvolve.swift in Sources */ = {isa = PBXBuildFile; fileRef = 0858DA441C0550B7007FA426 /* CircularConvolve.swift */; };
		0858DA841C0550B7007FA426 /* CircularConvolve.swift in Sources */ = {isa = PBXBuildFile; fileRef = 0858DA441C0550B7007FA426 /* CircularConvolve.swift */; };
		0858DA871C0550B7007FA426 /* ComplexConversion.swift in Sources */ = {isa = PBXBuildFile; fileRef = 0858DA451C0550B7007FA426 /* ComplexConversion.swift */; };
		0858DA881C0550B7007FA426 /* ComplexConversion.swift in Sources */ = {isa = PBXBuildFile; fileRef = 0858DA451C0550B7007FA426 /* ComplexConversion.swift */; };
		0858DA8B1C0550B7007FA426 /* Conversion.swift in Sources */ = {isa = PBXBuildFile; fileRef = 0858DA461C0550B7007FA426 /* Conversion.swift */; };
		0858DA8C1C0550B7007FA426 /* Conversion.swift in Sources */ = {isa = PBXBuildFile; fileRef = 0858DA461C0550B7007FA426 /* Conversion.swift */; };
		0858DA8F1C0550B7007FA426 /* CooleyTukey.swift in Sources */ = {isa = PBXBuildFile; fileRef = 0858DA471C0550B7007FA426 /* CooleyTukey.swift */; };
		0858DA901C0550B7007FA426 /* CooleyTukey.swift in Sources */ = {isa = PBXBuildFile; fileRef = 0858DA471C0550B7007FA426 /* CooleyTukey.swift */; };
		0858DA931C0550B7007FA426 /* DiscreteConvolve.swift in Sources */ = {isa = PBXBuildFile; fileRef = 0858DA481C0550B7007FA426 /* DiscreteConvolve.swift */; };
		0858DA941C0550B7007FA426 /* DiscreteConvolve.swift in Sources */ = {isa = PBXBuildFile; fileRef = 0858DA481C0550B7007FA426 /* DiscreteConvolve.swift */; };
		0858DA9B1C0550B7007FA426 /* Move.swift in Sources */ = {isa = PBXBuildFile; fileRef = 0858DA4A1C0550B7007FA426 /* Move.swift */; };
		0858DA9C1C0550B7007FA426 /* Move.swift in Sources */ = {isa = PBXBuildFile; fileRef = 0858DA4A1C0550B7007FA426 /* Move.swift */; };
		0858DAA31C0550B7007FA426 /* SafeFunction.swift in Sources */ = {isa = PBXBuildFile; fileRef = 0858DA4C1C0550B7007FA426 /* SafeFunction.swift */; };
		0858DAA41C0550B7007FA426 /* SafeFunction.swift in Sources */ = {isa = PBXBuildFile; fileRef = 0858DA4C1C0550B7007FA426 /* SafeFunction.swift */; };
		0858DAA71C0550B7007FA426 /* Transpose.swift in Sources */ = {isa = PBXBuildFile; fileRef = 0858DA4D1C0550B7007FA426 /* Transpose.swift */; };
		0858DAA81C0550B7007FA426 /* Transpose.swift in Sources */ = {isa = PBXBuildFile; fileRef = 0858DA4D1C0550B7007FA426 /* Transpose.swift */; };
		0858DAAB1C0550B7007FA426 /* Color.swift in Sources */ = {isa = PBXBuildFile; fileRef = 0858DA4E1C0550B7007FA426 /* Color.swift */; };
		0858DAAC1C0550B7007FA426 /* Color.swift in Sources */ = {isa = PBXBuildFile; fileRef = 0858DA4E1C0550B7007FA426 /* Color.swift */; };
		0858DAAF1C0550B7007FA426 /* CommonFunction.swift in Sources */ = {isa = PBXBuildFile; fileRef = 0858DA501C0550B7007FA426 /* CommonFunction.swift */; };
		0858DAB01C0550B7007FA426 /* CommonFunction.swift in Sources */ = {isa = PBXBuildFile; fileRef = 0858DA501C0550B7007FA426 /* CommonFunction.swift */; };
		0858DAB31C0550B7007FA426 /* HashWrapper.swift in Sources */ = {isa = PBXBuildFile; fileRef = 0858DA511C0550B7007FA426 /* HashWrapper.swift */; };
		0858DAB41C0550B7007FA426 /* HashWrapper.swift in Sources */ = {isa = PBXBuildFile; fileRef = 0858DA511C0550B7007FA426 /* HashWrapper.swift */; };
		0858DAB71C0550B7007FA426 /* hmac.swift in Sources */ = {isa = PBXBuildFile; fileRef = 0858DA521C0550B7007FA426 /* hmac.swift */; };
		0858DAB81C0550B7007FA426 /* hmac.swift in Sources */ = {isa = PBXBuildFile; fileRef = 0858DA521C0550B7007FA426 /* hmac.swift */; };
		0858DABB1C0550B7007FA426 /* md5.swift in Sources */ = {isa = PBXBuildFile; fileRef = 0858DA531C0550B7007FA426 /* md5.swift */; };
		0858DABC1C0550B7007FA426 /* md5.swift in Sources */ = {isa = PBXBuildFile; fileRef = 0858DA531C0550B7007FA426 /* md5.swift */; };
		0858DABF1C0550B7007FA426 /* SecureBuffer.swift in Sources */ = {isa = PBXBuildFile; fileRef = 0858DA541C0550B7007FA426 /* SecureBuffer.swift */; };
		0858DAC01C0550B7007FA426 /* SecureBuffer.swift in Sources */ = {isa = PBXBuildFile; fileRef = 0858DA541C0550B7007FA426 /* SecureBuffer.swift */; };
		0858DAC31C0550B7007FA426 /* sha1.swift in Sources */ = {isa = PBXBuildFile; fileRef = 0858DA551C0550B7007FA426 /* sha1.swift */; };
		0858DAC41C0550B7007FA426 /* sha1.swift in Sources */ = {isa = PBXBuildFile; fileRef = 0858DA551C0550B7007FA426 /* sha1.swift */; };
		0858DAC71C0550B7007FA426 /* sha224.swift in Sources */ = {isa = PBXBuildFile; fileRef = 0858DA561C0550B7007FA426 /* sha224.swift */; };
		0858DAC81C0550B7007FA426 /* sha224.swift in Sources */ = {isa = PBXBuildFile; fileRef = 0858DA561C0550B7007FA426 /* sha224.swift */; };
		0858DACB1C0550B7007FA426 /* sha256.swift in Sources */ = {isa = PBXBuildFile; fileRef = 0858DA571C0550B7007FA426 /* sha256.swift */; };
		0858DACC1C0550B7007FA426 /* sha256.swift in Sources */ = {isa = PBXBuildFile; fileRef = 0858DA571C0550B7007FA426 /* sha256.swift */; };
		0858DACF1C0550B7007FA426 /* sha384.swift in Sources */ = {isa = PBXBuildFile; fileRef = 0858DA581C0550B7007FA426 /* sha384.swift */; };
		0858DAD01C0550B7007FA426 /* sha384.swift in Sources */ = {isa = PBXBuildFile; fileRef = 0858DA581C0550B7007FA426 /* sha384.swift */; };
		0858DAD31C0550B7007FA426 /* sha512.swift in Sources */ = {isa = PBXBuildFile; fileRef = 0858DA591C0550B7007FA426 /* sha512.swift */; };
		0858DAD41C0550B7007FA426 /* sha512.swift in Sources */ = {isa = PBXBuildFile; fileRef = 0858DA591C0550B7007FA426 /* sha512.swift */; };
		0858DADB1C0550B7007FA426 /* Json.swift in Sources */ = {isa = PBXBuildFile; fileRef = 0858DA5C1C0550B7007FA426 /* Json.swift */; };
		0858DADC1C0550B7007FA426 /* Json.swift in Sources */ = {isa = PBXBuildFile; fileRef = 0858DA5C1C0550B7007FA426 /* Json.swift */; };
		0858DADF1C0550B7007FA426 /* JsonParser.swift in Sources */ = {isa = PBXBuildFile; fileRef = 0858DA5D1C0550B7007FA426 /* JsonParser.swift */; };
		0858DAE01C0550B7007FA426 /* JsonParser.swift in Sources */ = {isa = PBXBuildFile; fileRef = 0858DA5D1C0550B7007FA426 /* JsonParser.swift */; };
		0858DAE31C0550B7007FA426 /* Complex.swift in Sources */ = {isa = PBXBuildFile; fileRef = 0858DA5F1C0550B7007FA426 /* Complex.swift */; };
		0858DAE41C0550B7007FA426 /* Complex.swift in Sources */ = {isa = PBXBuildFile; fileRef = 0858DA5F1C0550B7007FA426 /* Complex.swift */; };
		0858DAE71C0550B7007FA426 /* Geometry.swift in Sources */ = {isa = PBXBuildFile; fileRef = 0858DA601C0550B7007FA426 /* Geometry.swift */; };
		0858DAE81C0550B7007FA426 /* Geometry.swift in Sources */ = {isa = PBXBuildFile; fileRef = 0858DA601C0550B7007FA426 /* Geometry.swift */; };
		0858DAEB1C0550B7007FA426 /* Maths.swift in Sources */ = {isa = PBXBuildFile; fileRef = 0858DA611C0550B7007FA426 /* Maths.swift */; };
		0858DAEC1C0550B7007FA426 /* Maths.swift in Sources */ = {isa = PBXBuildFile; fileRef = 0858DA611C0550B7007FA426 /* Maths.swift */; };
		0858DAEF1C0550B7007FA426 /* Matrix.swift in Sources */ = {isa = PBXBuildFile; fileRef = 0858DA621C0550B7007FA426 /* Matrix.swift */; };
		0858DAF01C0550B7007FA426 /* Matrix.swift in Sources */ = {isa = PBXBuildFile; fileRef = 0858DA621C0550B7007FA426 /* Matrix.swift */; };
		0858DAF31C0550B7007FA426 /* Point.swift in Sources */ = {isa = PBXBuildFile; fileRef = 0858DA631C0550B7007FA426 /* Point.swift */; };
		0858DAF41C0550B7007FA426 /* Point.swift in Sources */ = {isa = PBXBuildFile; fileRef = 0858DA631C0550B7007FA426 /* Point.swift */; };
		0858DAF71C0550B7007FA426 /* Polynomial.swift in Sources */ = {isa = PBXBuildFile; fileRef = 0858DA641C0550B7007FA426 /* Polynomial.swift */; };
		0858DAF81C0550B7007FA426 /* Polynomial.swift in Sources */ = {isa = PBXBuildFile; fileRef = 0858DA641C0550B7007FA426 /* Polynomial.swift */; };
		0858DAFB1C0550B7007FA426 /* Prime.swift in Sources */ = {isa = PBXBuildFile; fileRef = 0858DA651C0550B7007FA426 /* Prime.swift */; };
		0858DAFC1C0550B7007FA426 /* Prime.swift in Sources */ = {isa = PBXBuildFile; fileRef = 0858DA651C0550B7007FA426 /* Prime.swift */; };
		0858DAFF1C0550B7007FA426 /* Random.swift in Sources */ = {isa = PBXBuildFile; fileRef = 0858DA661C0550B7007FA426 /* Random.swift */; };
		0858DB001C0550B7007FA426 /* Random.swift in Sources */ = {isa = PBXBuildFile; fileRef = 0858DA661C0550B7007FA426 /* Random.swift */; };
		0858DB031C0550B7007FA426 /* Rect.swift in Sources */ = {isa = PBXBuildFile; fileRef = 0858DA671C0550B7007FA426 /* Rect.swift */; };
		0858DB041C0550B7007FA426 /* Rect.swift in Sources */ = {isa = PBXBuildFile; fileRef = 0858DA671C0550B7007FA426 /* Rect.swift */; };
		0858DB071C0550B7007FA426 /* SDTransform.swift in Sources */ = {isa = PBXBuildFile; fileRef = 0858DA681C0550B7007FA426 /* SDTransform.swift */; };
		0858DB081C0550B7007FA426 /* SDTransform.swift in Sources */ = {isa = PBXBuildFile; fileRef = 0858DA681C0550B7007FA426 /* SDTransform.swift */; };
		0858DB0B1C0550B7007FA426 /* Vector.swift in Sources */ = {isa = PBXBuildFile; fileRef = 0858DA691C0550B7007FA426 /* Vector.swift */; };
		0858DB0C1C0550B7007FA426 /* Vector.swift in Sources */ = {isa = PBXBuildFile; fileRef = 0858DA691C0550B7007FA426 /* Vector.swift */; };
		0858DB131C0550B7007FA426 /* Regex.swift in Sources */ = {isa = PBXBuildFile; fileRef = 0858DA6B1C0550B7007FA426 /* Regex.swift */; };
		0858DB141C0550B7007FA426 /* Regex.swift in Sources */ = {isa = PBXBuildFile; fileRef = 0858DA6B1C0550B7007FA426 /* Regex.swift */; };
		0858DB171C0550B7007FA426 /* SDAspects.swift in Sources */ = {isa = PBXBuildFile; fileRef = 0858DA6C1C0550B7007FA426 /* SDAspects.swift */; };
		0858DB181C0550B7007FA426 /* SDAspects.swift in Sources */ = {isa = PBXBuildFile; fileRef = 0858DA6C1C0550B7007FA426 /* SDAspects.swift */; };
		0858DB1B1C0550B7007FA426 /* SDAtomicNode.swift in Sources */ = {isa = PBXBuildFile; fileRef = 0858DA6D1C0550B7007FA426 /* SDAtomicNode.swift */; };
		0858DB1C1C0550B7007FA426 /* SDAtomicNode.swift in Sources */ = {isa = PBXBuildFile; fileRef = 0858DA6D1C0550B7007FA426 /* SDAtomicNode.swift */; };
		0858DB1F1C0550B7007FA426 /* SDEllipse.swift in Sources */ = {isa = PBXBuildFile; fileRef = 0858DA6F1C0550B7007FA426 /* SDEllipse.swift */; };
		0858DB201C0550B7007FA426 /* SDEllipse.swift in Sources */ = {isa = PBXBuildFile; fileRef = 0858DA6F1C0550B7007FA426 /* SDEllipse.swift */; };
		0858DB231C0550B7007FA426 /* SDGraphic.swift in Sources */ = {isa = PBXBuildFile; fileRef = 0858DA701C0550B7007FA426 /* SDGraphic.swift */; };
		0858DB241C0550B7007FA426 /* SDGraphic.swift in Sources */ = {isa = PBXBuildFile; fileRef = 0858DA701C0550B7007FA426 /* SDGraphic.swift */; };
		0858DB271C0550B7007FA426 /* SDPath.swift in Sources */ = {isa = PBXBuildFile; fileRef = 0858DA711C0550B7007FA426 /* SDPath.swift */; };
		0858DB281C0550B7007FA426 /* SDPath.swift in Sources */ = {isa = PBXBuildFile; fileRef = 0858DA711C0550B7007FA426 /* SDPath.swift */; };
		0858DB2B1C0550B7007FA426 /* SDPathCoder.swift in Sources */ = {isa = PBXBuildFile; fileRef = 0858DA721C0550B7007FA426 /* SDPathCoder.swift */; };
		0858DB2C1C0550B7007FA426 /* SDPathCoder.swift in Sources */ = {isa = PBXBuildFile; fileRef = 0858DA721C0550B7007FA426 /* SDPathCoder.swift */; };
		0858DB331C0550B7007FA426 /* SDRectangle.swift in Sources */ = {isa = PBXBuildFile; fileRef = 0858DA741C0550B7007FA426 /* SDRectangle.swift */; };
		0858DB341C0550B7007FA426 /* SDRectangle.swift in Sources */ = {isa = PBXBuildFile; fileRef = 0858DA741C0550B7007FA426 /* SDRectangle.swift */; };
		0858DB371C0550B7007FA426 /* SDShape.swift in Sources */ = {isa = PBXBuildFile; fileRef = 0858DA751C0550B7007FA426 /* SDShape.swift */; };
		0858DB381C0550B7007FA426 /* SDShape.swift in Sources */ = {isa = PBXBuildFile; fileRef = 0858DA751C0550B7007FA426 /* SDShape.swift */; };
		0858DB3B1C0550B7007FA426 /* Serialization.swift in Sources */ = {isa = PBXBuildFile; fileRef = 0858DA761C0550B7007FA426 /* Serialization.swift */; };
		0858DB3C1C0550B7007FA426 /* Serialization.swift in Sources */ = {isa = PBXBuildFile; fileRef = 0858DA761C0550B7007FA426 /* Serialization.swift */; };
		0858DB431C0550B7007FA426 /* UUID.swift in Sources */ = {isa = PBXBuildFile; fileRef = 0858DA781C0550B7007FA426 /* UUID.swift */; };
		0858DB441C0550B7007FA426 /* UUID.swift in Sources */ = {isa = PBXBuildFile; fileRef = 0858DA781C0550B7007FA426 /* UUID.swift */; };
		0858DB481C055172007FA426 /* Fourier.swift in Sources */ = {isa = PBXBuildFile; fileRef = 0858DB451C055172007FA426 /* Fourier.swift */; };
		0858DB491C055172007FA426 /* Fourier.swift in Sources */ = {isa = PBXBuildFile; fileRef = 0858DB451C055172007FA426 /* Fourier.swift */; };
		085EB5551CA96D9300EBC12C /* Integer.swift in Sources */ = {isa = PBXBuildFile; fileRef = 085EB5541CA96D9300EBC12C /* Integer.swift */; };
		085EB5561CA96D9300EBC12C /* Integer.swift in Sources */ = {isa = PBXBuildFile; fileRef = 085EB5541CA96D9300EBC12C /* Integer.swift */; };
		085EB5571CA96D9300EBC12C /* Integer.swift in Sources */ = {isa = PBXBuildFile; fileRef = 085EB5541CA96D9300EBC12C /* Integer.swift */; };
		085EB5581CA96D9300EBC12C /* Integer.swift in Sources */ = {isa = PBXBuildFile; fileRef = 085EB5541CA96D9300EBC12C /* Integer.swift */; };
		087FE5BA1A372D97005A2E9E /* Doggie_Mac.h in Headers */ = {isa = PBXBuildFile; fileRef = 087FE5B91A372D97005A2E9E /* Doggie_Mac.h */; settings = {ATTRIBUTES = (Public, ); }; };
		087FE5C01A372D97005A2E9E /* Doggie_Mac.framework in Frameworks */ = {isa = PBXBuildFile; fileRef = 087FE5B51A372D97005A2E9E /* Doggie_Mac.framework */; settings = {ATTRIBUTES = (Required, ); }; };
		08863CC81C22756F004C27E5 /* SDObserver.swift in Sources */ = {isa = PBXBuildFile; fileRef = 08863CC71C22756F004C27E5 /* SDObserver.swift */; };
		08863CC91C22756F004C27E5 /* SDObserver.swift in Sources */ = {isa = PBXBuildFile; fileRef = 08863CC71C22756F004C27E5 /* SDObserver.swift */; };
		08863CCA1C22756F004C27E5 /* SDObserver.swift in Sources */ = {isa = PBXBuildFile; fileRef = 08863CC71C22756F004C27E5 /* SDObserver.swift */; };
		08863CCB1C22756F004C27E5 /* SDObserver.swift in Sources */ = {isa = PBXBuildFile; fileRef = 08863CC71C22756F004C27E5 /* SDObserver.swift */; };
		088C0C3D1CB227F5003B1BCE /* Thread.swift in Sources */ = {isa = PBXBuildFile; fileRef = 088C0C3C1CB227F5003B1BCE /* Thread.swift */; };
		088C0C3E1CB22842003B1BCE /* Thread.swift in Sources */ = {isa = PBXBuildFile; fileRef = 088C0C3C1CB227F5003B1BCE /* Thread.swift */; };
		088C0C3F1CB22842003B1BCE /* Thread.swift in Sources */ = {isa = PBXBuildFile; fileRef = 088C0C3C1CB227F5003B1BCE /* Thread.swift */; };
		088C0C401CB22842003B1BCE /* Thread.swift in Sources */ = {isa = PBXBuildFile; fileRef = 088C0C3C1CB227F5003B1BCE /* Thread.swift */; };
		08AA03141C219B9900609109 /* SDSink.swift in Sources */ = {isa = PBXBuildFile; fileRef = 08AA03131C219B9900609109 /* SDSink.swift */; };
		08AA03151C219B9900609109 /* SDSink.swift in Sources */ = {isa = PBXBuildFile; fileRef = 08AA03131C219B9900609109 /* SDSink.swift */; };
		08AA03161C219B9900609109 /* SDSink.swift in Sources */ = {isa = PBXBuildFile; fileRef = 08AA03131C219B9900609109 /* SDSink.swift */; };
		08AA03171C219B9900609109 /* SDSink.swift in Sources */ = {isa = PBXBuildFile; fileRef = 08AA03131C219B9900609109 /* SDSink.swift */; };
		08B76CBE1A810FEC00ED9583 /* EncryptionTests.swift in Sources */ = {isa = PBXBuildFile; fileRef = 08AF77AF1A3A10510042491F /* EncryptionTests.swift */; };
		08BFF9BC1B07161E00EC88CB /* FourierTest.swift in Sources */ = {isa = PBXBuildFile; fileRef = 08BFF9B91B0715ED00EC88CB /* FourierTest.swift */; };
		0A3F4DC31CAE0C7400699FF7 /* Atomic.swift in Sources */ = {isa = PBXBuildFile; fileRef = 0A3F4DC21CAE0C7400699FF7 /* Atomic.swift */; };
		0A3F4DC41CAE0C7400699FF7 /* Atomic.swift in Sources */ = {isa = PBXBuildFile; fileRef = 0A3F4DC21CAE0C7400699FF7 /* Atomic.swift */; };
		0A3F4DC51CAE0C7400699FF7 /* Atomic.swift in Sources */ = {isa = PBXBuildFile; fileRef = 0A3F4DC21CAE0C7400699FF7 /* Atomic.swift */; };
		0A3F4DC61CAE0C7400699FF7 /* Atomic.swift in Sources */ = {isa = PBXBuildFile; fileRef = 0A3F4DC21CAE0C7400699FF7 /* Atomic.swift */; };
		0ACE1DFC1C570F6A00106D1F /* Environment.swift in Sources */ = {isa = PBXBuildFile; fileRef = 0ACE1DFB1C570F6A00106D1F /* Environment.swift */; };
		0ACE1DFD1C570F6A00106D1F /* Environment.swift in Sources */ = {isa = PBXBuildFile; fileRef = 0ACE1DFB1C570F6A00106D1F /* Environment.swift */; };
		0ACE1DFE1C570F6A00106D1F /* Environment.swift in Sources */ = {isa = PBXBuildFile; fileRef = 0ACE1DFB1C570F6A00106D1F /* Environment.swift */; };
		0ACE1DFF1C570F6A00106D1F /* Environment.swift in Sources */ = {isa = PBXBuildFile; fileRef = 0ACE1DFB1C570F6A00106D1F /* Environment.swift */; };
		0ACE1E061C57104300106D1F /* ParallelCollectionType.swift in Sources */ = {isa = PBXBuildFile; fileRef = 0ACE1E051C57104300106D1F /* ParallelCollectionType.swift */; };
		0ACE1E071C57104300106D1F /* ParallelCollectionType.swift in Sources */ = {isa = PBXBuildFile; fileRef = 0ACE1E051C57104300106D1F /* ParallelCollectionType.swift */; };
		0ACE1E081C57104300106D1F /* ParallelCollectionType.swift in Sources */ = {isa = PBXBuildFile; fileRef = 0ACE1E051C57104300106D1F /* ParallelCollectionType.swift */; };
		0ACE1E091C57104300106D1F /* ParallelCollectionType.swift in Sources */ = {isa = PBXBuildFile; fileRef = 0ACE1E051C57104300106D1F /* ParallelCollectionType.swift */; };
		0ACE1E101C57110D00106D1F /* String.swift in Sources */ = {isa = PBXBuildFile; fileRef = 0ACE1E0F1C57110D00106D1F /* String.swift */; };
		0ACE1E111C57110D00106D1F /* String.swift in Sources */ = {isa = PBXBuildFile; fileRef = 0ACE1E0F1C57110D00106D1F /* String.swift */; };
		0ACE1E121C57110D00106D1F /* String.swift in Sources */ = {isa = PBXBuildFile; fileRef = 0ACE1E0F1C57110D00106D1F /* String.swift */; };
		0ACE1E131C57110D00106D1F /* String.swift in Sources */ = {isa = PBXBuildFile; fileRef = 0ACE1E0F1C57110D00106D1F /* String.swift */; };
		0ACE1E151C57114A00106D1F /* Functional.swift in Sources */ = {isa = PBXBuildFile; fileRef = 0ACE1E141C57114A00106D1F /* Functional.swift */; };
		0ACE1E161C57114A00106D1F /* Functional.swift in Sources */ = {isa = PBXBuildFile; fileRef = 0ACE1E141C57114A00106D1F /* Functional.swift */; };
		0ACE1E171C57114A00106D1F /* Functional.swift in Sources */ = {isa = PBXBuildFile; fileRef = 0ACE1E141C57114A00106D1F /* Functional.swift */; };
		0ACE1E181C57114A00106D1F /* Functional.swift in Sources */ = {isa = PBXBuildFile; fileRef = 0ACE1E141C57114A00106D1F /* Functional.swift */; };
		0ACE1E1A1C5711D300106D1F /* Graph.swift in Sources */ = {isa = PBXBuildFile; fileRef = 0ACE1E191C5711D300106D1F /* Graph.swift */; };
		0ACE1E1B1C5711D300106D1F /* Graph.swift in Sources */ = {isa = PBXBuildFile; fileRef = 0ACE1E191C5711D300106D1F /* Graph.swift */; };
		0ACE1E1C1C5711D300106D1F /* Graph.swift in Sources */ = {isa = PBXBuildFile; fileRef = 0ACE1E191C5711D300106D1F /* Graph.swift */; };
		0ACE1E1D1C5711D300106D1F /* Graph.swift in Sources */ = {isa = PBXBuildFile; fileRef = 0ACE1E191C5711D300106D1F /* Graph.swift */; };
/* End PBXBuildFile section */

/* Begin PBXContainerItemProxy section */
		081321DE1C11D1850081B2B9 /* PBXContainerItemProxy */ = {
			isa = PBXContainerItemProxy;
			containerPortal = 087FE58B1A372D23005A2E9E /* Project object */;
			proxyType = 1;
			remoteGlobalIDString = 081321D21C11D1840081B2B9;
			remoteInfo = Doggie_iOS;
		};
		087FE5C11A372D97005A2E9E /* PBXContainerItemProxy */ = {
			isa = PBXContainerItemProxy;
			containerPortal = 087FE58B1A372D23005A2E9E /* Project object */;
			proxyType = 1;
			remoteGlobalIDString = 087FE5B41A372D97005A2E9E;
			remoteInfo = Doggie_Mac;
		};
/* End PBXContainerItemProxy section */

/* Begin PBXFileReference section */
		081321D31C11D1840081B2B9 /* Doggie_iOS.framework */ = {isa = PBXFileReference; explicitFileType = wrapper.framework; includeInIndex = 0; path = Doggie_iOS.framework; sourceTree = BUILT_PRODUCTS_DIR; };
		081321DC1C11D1850081B2B9 /* Doggie_iOSTests.xctest */ = {isa = PBXFileReference; explicitFileType = wrapper.cfbundle; includeInIndex = 0; path = Doggie_iOSTests.xctest; sourceTree = BUILT_PRODUCTS_DIR; };
		0858DA421C0550B7007FA426 /* AccelerateWrapper.swift */ = {isa = PBXFileReference; fileEncoding = 4; lastKnownFileType = sourcecode.swift; path = AccelerateWrapper.swift; sourceTree = "<group>"; };
		0858DA431C0550B7007FA426 /* Arithmetic.swift */ = {isa = PBXFileReference; fileEncoding = 4; lastKnownFileType = sourcecode.swift; path = Arithmetic.swift; sourceTree = "<group>"; };
		0858DA441C0550B7007FA426 /* CircularConvolve.swift */ = {isa = PBXFileReference; fileEncoding = 4; lastKnownFileType = sourcecode.swift; path = CircularConvolve.swift; sourceTree = "<group>"; };
		0858DA451C0550B7007FA426 /* ComplexConversion.swift */ = {isa = PBXFileReference; fileEncoding = 4; lastKnownFileType = sourcecode.swift; path = ComplexConversion.swift; sourceTree = "<group>"; };
		0858DA461C0550B7007FA426 /* Conversion.swift */ = {isa = PBXFileReference; fileEncoding = 4; lastKnownFileType = sourcecode.swift; path = Conversion.swift; sourceTree = "<group>"; };
		0858DA471C0550B7007FA426 /* CooleyTukey.swift */ = {isa = PBXFileReference; fileEncoding = 4; lastKnownFileType = sourcecode.swift; path = CooleyTukey.swift; sourceTree = "<group>"; };
		0858DA481C0550B7007FA426 /* DiscreteConvolve.swift */ = {isa = PBXFileReference; fileEncoding = 4; lastKnownFileType = sourcecode.swift; path = DiscreteConvolve.swift; sourceTree = "<group>"; };
		0858DA4A1C0550B7007FA426 /* Move.swift */ = {isa = PBXFileReference; fileEncoding = 4; lastKnownFileType = sourcecode.swift; path = Move.swift; sourceTree = "<group>"; };
		0858DA4C1C0550B7007FA426 /* SafeFunction.swift */ = {isa = PBXFileReference; fileEncoding = 4; lastKnownFileType = sourcecode.swift; path = SafeFunction.swift; sourceTree = "<group>"; };
		0858DA4D1C0550B7007FA426 /* Transpose.swift */ = {isa = PBXFileReference; fileEncoding = 4; lastKnownFileType = sourcecode.swift; path = Transpose.swift; sourceTree = "<group>"; };
		0858DA4E1C0550B7007FA426 /* Color.swift */ = {isa = PBXFileReference; fileEncoding = 4; lastKnownFileType = sourcecode.swift; path = Color.swift; sourceTree = "<group>"; };
		0858DA501C0550B7007FA426 /* CommonFunction.swift */ = {isa = PBXFileReference; fileEncoding = 4; lastKnownFileType = sourcecode.swift; path = CommonFunction.swift; sourceTree = "<group>"; };
		0858DA511C0550B7007FA426 /* HashWrapper.swift */ = {isa = PBXFileReference; fileEncoding = 4; lastKnownFileType = sourcecode.swift; path = HashWrapper.swift; sourceTree = "<group>"; };
		0858DA521C0550B7007FA426 /* hmac.swift */ = {isa = PBXFileReference; fileEncoding = 4; lastKnownFileType = sourcecode.swift; path = hmac.swift; sourceTree = "<group>"; };
		0858DA531C0550B7007FA426 /* md5.swift */ = {isa = PBXFileReference; fileEncoding = 4; lastKnownFileType = sourcecode.swift; path = md5.swift; sourceTree = "<group>"; };
		0858DA541C0550B7007FA426 /* SecureBuffer.swift */ = {isa = PBXFileReference; fileEncoding = 4; lastKnownFileType = sourcecode.swift; path = SecureBuffer.swift; sourceTree = "<group>"; };
		0858DA551C0550B7007FA426 /* sha1.swift */ = {isa = PBXFileReference; fileEncoding = 4; lastKnownFileType = sourcecode.swift; path = sha1.swift; sourceTree = "<group>"; };
		0858DA561C0550B7007FA426 /* sha224.swift */ = {isa = PBXFileReference; fileEncoding = 4; lastKnownFileType = sourcecode.swift; path = sha224.swift; sourceTree = "<group>"; };
		0858DA571C0550B7007FA426 /* sha256.swift */ = {isa = PBXFileReference; fileEncoding = 4; lastKnownFileType = sourcecode.swift; path = sha256.swift; sourceTree = "<group>"; };
		0858DA581C0550B7007FA426 /* sha384.swift */ = {isa = PBXFileReference; fileEncoding = 4; lastKnownFileType = sourcecode.swift; path = sha384.swift; sourceTree = "<group>"; };
		0858DA591C0550B7007FA426 /* sha512.swift */ = {isa = PBXFileReference; fileEncoding = 4; lastKnownFileType = sourcecode.swift; path = sha512.swift; sourceTree = "<group>"; };
		0858DA5C1C0550B7007FA426 /* Json.swift */ = {isa = PBXFileReference; fileEncoding = 4; lastKnownFileType = sourcecode.swift; path = Json.swift; sourceTree = "<group>"; };
		0858DA5D1C0550B7007FA426 /* JsonParser.swift */ = {isa = PBXFileReference; fileEncoding = 4; lastKnownFileType = sourcecode.swift; path = JsonParser.swift; sourceTree = "<group>"; };
		0858DA5F1C0550B7007FA426 /* Complex.swift */ = {isa = PBXFileReference; fileEncoding = 4; lastKnownFileType = sourcecode.swift; path = Complex.swift; sourceTree = "<group>"; };
		0858DA601C0550B7007FA426 /* Geometry.swift */ = {isa = PBXFileReference; fileEncoding = 4; lastKnownFileType = sourcecode.swift; path = Geometry.swift; sourceTree = "<group>"; };
		0858DA611C0550B7007FA426 /* Maths.swift */ = {isa = PBXFileReference; fileEncoding = 4; lastKnownFileType = sourcecode.swift; path = Maths.swift; sourceTree = "<group>"; };
		0858DA621C0550B7007FA426 /* Matrix.swift */ = {isa = PBXFileReference; fileEncoding = 4; lastKnownFileType = sourcecode.swift; path = Matrix.swift; sourceTree = "<group>"; };
		0858DA631C0550B7007FA426 /* Point.swift */ = {isa = PBXFileReference; fileEncoding = 4; lastKnownFileType = sourcecode.swift; path = Point.swift; sourceTree = "<group>"; };
		0858DA641C0550B7007FA426 /* Polynomial.swift */ = {isa = PBXFileReference; fileEncoding = 4; lastKnownFileType = sourcecode.swift; path = Polynomial.swift; sourceTree = "<group>"; };
		0858DA651C0550B7007FA426 /* Prime.swift */ = {isa = PBXFileReference; fileEncoding = 4; lastKnownFileType = sourcecode.swift; path = Prime.swift; sourceTree = "<group>"; };
		0858DA661C0550B7007FA426 /* Random.swift */ = {isa = PBXFileReference; fileEncoding = 4; lastKnownFileType = sourcecode.swift; path = Random.swift; sourceTree = "<group>"; };
		0858DA671C0550B7007FA426 /* Rect.swift */ = {isa = PBXFileReference; fileEncoding = 4; lastKnownFileType = sourcecode.swift; path = Rect.swift; sourceTree = "<group>"; };
		0858DA681C0550B7007FA426 /* SDTransform.swift */ = {isa = PBXFileReference; fileEncoding = 4; lastKnownFileType = sourcecode.swift; path = SDTransform.swift; sourceTree = "<group>"; };
		0858DA691C0550B7007FA426 /* Vector.swift */ = {isa = PBXFileReference; fileEncoding = 4; lastKnownFileType = sourcecode.swift; path = Vector.swift; sourceTree = "<group>"; };
		0858DA6B1C0550B7007FA426 /* Regex.swift */ = {isa = PBXFileReference; fileEncoding = 4; lastKnownFileType = sourcecode.swift; path = Regex.swift; sourceTree = "<group>"; };
		0858DA6C1C0550B7007FA426 /* SDAspects.swift */ = {isa = PBXFileReference; fileEncoding = 4; lastKnownFileType = sourcecode.swift; path = SDAspects.swift; sourceTree = "<group>"; };
		0858DA6D1C0550B7007FA426 /* SDAtomicNode.swift */ = {isa = PBXFileReference; fileEncoding = 4; lastKnownFileType = sourcecode.swift; path = SDAtomicNode.swift; sourceTree = "<group>"; };
		0858DA6F1C0550B7007FA426 /* SDEllipse.swift */ = {isa = PBXFileReference; fileEncoding = 4; lastKnownFileType = sourcecode.swift; path = SDEllipse.swift; sourceTree = "<group>"; };
		0858DA701C0550B7007FA426 /* SDGraphic.swift */ = {isa = PBXFileReference; fileEncoding = 4; lastKnownFileType = sourcecode.swift; path = SDGraphic.swift; sourceTree = "<group>"; };
		0858DA711C0550B7007FA426 /* SDPath.swift */ = {isa = PBXFileReference; fileEncoding = 4; lastKnownFileType = sourcecode.swift; path = SDPath.swift; sourceTree = "<group>"; };
		0858DA721C0550B7007FA426 /* SDPathCoder.swift */ = {isa = PBXFileReference; fileEncoding = 4; lastKnownFileType = sourcecode.swift; path = SDPathCoder.swift; sourceTree = "<group>"; };
		0858DA741C0550B7007FA426 /* SDRectangle.swift */ = {isa = PBXFileReference; fileEncoding = 4; lastKnownFileType = sourcecode.swift; path = SDRectangle.swift; sourceTree = "<group>"; };
		0858DA751C0550B7007FA426 /* SDShape.swift */ = {isa = PBXFileReference; fileEncoding = 4; lastKnownFileType = sourcecode.swift; path = SDShape.swift; sourceTree = "<group>"; };
		0858DA761C0550B7007FA426 /* Serialization.swift */ = {isa = PBXFileReference; fileEncoding = 4; lastKnownFileType = sourcecode.swift; path = Serialization.swift; sourceTree = "<group>"; };
		0858DA781C0550B7007FA426 /* UUID.swift */ = {isa = PBXFileReference; fileEncoding = 4; lastKnownFileType = sourcecode.swift; path = UUID.swift; sourceTree = "<group>"; };
		0858DB451C055172007FA426 /* Fourier.swift */ = {isa = PBXFileReference; fileEncoding = 4; lastKnownFileType = sourcecode.swift; path = Fourier.swift; sourceTree = "<group>"; };
		085EB5541CA96D9300EBC12C /* Integer.swift */ = {isa = PBXFileReference; fileEncoding = 4; lastKnownFileType = sourcecode.swift; path = Integer.swift; sourceTree = "<group>"; };
		087FE59A1A372D5B005A2E9E /* Info.plist */ = {isa = PBXFileReference; lastKnownFileType = text.plist.xml; path = Info.plist; sourceTree = "<group>"; };
		087FE59B1A372D5B005A2E9E /* Doggie_iOS.h */ = {isa = PBXFileReference; lastKnownFileType = sourcecode.c.h; path = Doggie_iOS.h; sourceTree = "<group>"; };
		087FE5A71A372D5B005A2E9E /* Info.plist */ = {isa = PBXFileReference; lastKnownFileType = text.plist.xml; path = Info.plist; sourceTree = "<group>"; };
		087FE5B51A372D97005A2E9E /* Doggie_Mac.framework */ = {isa = PBXFileReference; explicitFileType = wrapper.framework; includeInIndex = 0; path = Doggie_Mac.framework; sourceTree = BUILT_PRODUCTS_DIR; };
		087FE5B81A372D97005A2E9E /* Info.plist */ = {isa = PBXFileReference; lastKnownFileType = text.plist.xml; path = Info.plist; sourceTree = "<group>"; };
		087FE5B91A372D97005A2E9E /* Doggie_Mac.h */ = {isa = PBXFileReference; lastKnownFileType = sourcecode.c.h; path = Doggie_Mac.h; sourceTree = "<group>"; };
		087FE5BF1A372D97005A2E9E /* Doggie_MacTests.xctest */ = {isa = PBXFileReference; explicitFileType = wrapper.cfbundle; includeInIndex = 0; path = Doggie_MacTests.xctest; sourceTree = BUILT_PRODUCTS_DIR; };
		087FE5C51A372D97005A2E9E /* Info.plist */ = {isa = PBXFileReference; lastKnownFileType = text.plist.xml; path = Info.plist; sourceTree = "<group>"; };
		08863CC71C22756F004C27E5 /* SDObserver.swift */ = {isa = PBXFileReference; fileEncoding = 4; lastKnownFileType = sourcecode.swift; path = SDObserver.swift; sourceTree = "<group>"; };
		088C0C3C1CB227F5003B1BCE /* Thread.swift */ = {isa = PBXFileReference; fileEncoding = 4; lastKnownFileType = sourcecode.swift; path = Thread.swift; sourceTree = "<group>"; };
		08AA03131C219B9900609109 /* SDSink.swift */ = {isa = PBXFileReference; fileEncoding = 4; lastKnownFileType = sourcecode.swift; path = SDSink.swift; sourceTree = "<group>"; };
		08AF77AF1A3A10510042491F /* EncryptionTests.swift */ = {isa = PBXFileReference; fileEncoding = 4; lastKnownFileType = sourcecode.swift; path = EncryptionTests.swift; sourceTree = "<group>"; };
		08BFF9B91B0715ED00EC88CB /* FourierTest.swift */ = {isa = PBXFileReference; fileEncoding = 4; lastKnownFileType = sourcecode.swift; path = FourierTest.swift; sourceTree = "<group>"; };
		0A3F4DC21CAE0C7400699FF7 /* Atomic.swift */ = {isa = PBXFileReference; fileEncoding = 4; lastKnownFileType = sourcecode.swift; path = Atomic.swift; sourceTree = "<group>"; };
		0ACE1DFB1C570F6A00106D1F /* Environment.swift */ = {isa = PBXFileReference; fileEncoding = 4; lastKnownFileType = sourcecode.swift; path = Environment.swift; sourceTree = "<group>"; };
		0ACE1E051C57104300106D1F /* ParallelCollectionType.swift */ = {isa = PBXFileReference; fileEncoding = 4; lastKnownFileType = sourcecode.swift; path = ParallelCollectionType.swift; sourceTree = "<group>"; };
		0ACE1E0F1C57110D00106D1F /* String.swift */ = {isa = PBXFileReference; fileEncoding = 4; lastKnownFileType = sourcecode.swift; path = String.swift; sourceTree = "<group>"; };
		0ACE1E141C57114A00106D1F /* Functional.swift */ = {isa = PBXFileReference; fileEncoding = 4; lastKnownFileType = sourcecode.swift; path = Functional.swift; sourceTree = "<group>"; };
		0ACE1E191C5711D300106D1F /* Graph.swift */ = {isa = PBXFileReference; fileEncoding = 4; lastKnownFileType = sourcecode.swift; path = Graph.swift; sourceTree = "<group>"; };
/* End PBXFileReference section */

/* Begin PBXFrameworksBuildPhase section */
		081321CF1C11D1840081B2B9 /* Frameworks */ = {
			isa = PBXFrameworksBuildPhase;
			buildActionMask = 2147483647;
			files = (
			);
			runOnlyForDeploymentPostprocessing = 0;
		};
		081321D91C11D1850081B2B9 /* Frameworks */ = {
			isa = PBXFrameworksBuildPhase;
			buildActionMask = 2147483647;
			files = (
				081321DD1C11D1850081B2B9 /* Doggie_iOS.framework in Frameworks */,
			);
			runOnlyForDeploymentPostprocessing = 0;
		};
		087FE5B11A372D97005A2E9E /* Frameworks */ = {
			isa = PBXFrameworksBuildPhase;
			buildActionMask = 2147483647;
			files = (
			);
			runOnlyForDeploymentPostprocessing = 0;
		};
		087FE5BC1A372D97005A2E9E /* Frameworks */ = {
			isa = PBXFrameworksBuildPhase;
			buildActionMask = 2147483647;
			files = (
				087FE5C01A372D97005A2E9E /* Doggie_Mac.framework in Frameworks */,
			);
			runOnlyForDeploymentPostprocessing = 0;
		};
/* End PBXFrameworksBuildPhase section */

/* Begin PBXGroup section */
		0858DA401C0550B7007FA426 /* Doggie */ = {
			isa = PBXGroup;
			children = (
				0858DA411C0550B7007FA426 /* Accelerate */,
				0858DA4E1C0550B7007FA426 /* Color.swift */,
				0858DA4F1C0550B7007FA426 /* Encryption */,
				0ACE1DFA1C570F4F00106D1F /* Foundation */,
				0858DB451C055172007FA426 /* Fourier.swift */,
				0858DA5B1C0550B7007FA426 /* Json */,
				0858DA5E1C0550B7007FA426 /* Maths */,
				0858DA6B1C0550B7007FA426 /* Regex.swift */,
				0858DA6C1C0550B7007FA426 /* SDAspects.swift */,
				0858DA6D1C0550B7007FA426 /* SDAtomicNode.swift */,
				0858DA6E1C0550B7007FA426 /* SDShape */,
				0858DA761C0550B7007FA426 /* Serialization.swift */,
				08AA03131C219B9900609109 /* SDSink.swift */,
				08863CC71C22756F004C27E5 /* SDObserver.swift */,
			);
			path = Doggie;
			sourceTree = "<group>";
		};
		0858DA411C0550B7007FA426 /* Accelerate */ = {
			isa = PBXGroup;
			children = (
				0858DA421C0550B7007FA426 /* AccelerateWrapper.swift */,
				0858DA431C0550B7007FA426 /* Arithmetic.swift */,
				0858DA441C0550B7007FA426 /* CircularConvolve.swift */,
				0858DA451C0550B7007FA426 /* ComplexConversion.swift */,
				0858DA461C0550B7007FA426 /* Conversion.swift */,
				0858DA471C0550B7007FA426 /* CooleyTukey.swift */,
				0858DA481C0550B7007FA426 /* DiscreteConvolve.swift */,
				0858DA4A1C0550B7007FA426 /* Move.swift */,
				0858DA4C1C0550B7007FA426 /* SafeFunction.swift */,
				0858DA4D1C0550B7007FA426 /* Transpose.swift */,
			);
			path = Accelerate;
			sourceTree = "<group>";
		};
		0858DA4F1C0550B7007FA426 /* Encryption */ = {
			isa = PBXGroup;
			children = (
				0858DA501C0550B7007FA426 /* CommonFunction.swift */,
				0858DA511C0550B7007FA426 /* HashWrapper.swift */,
				0858DA521C0550B7007FA426 /* hmac.swift */,
				0858DA531C0550B7007FA426 /* md5.swift */,
				0858DA541C0550B7007FA426 /* SecureBuffer.swift */,
				0858DA551C0550B7007FA426 /* sha1.swift */,
				0858DA561C0550B7007FA426 /* sha224.swift */,
				0858DA571C0550B7007FA426 /* sha256.swift */,
				0858DA581C0550B7007FA426 /* sha384.swift */,
				0858DA591C0550B7007FA426 /* sha512.swift */,
			);
			path = Encryption;
			sourceTree = "<group>";
		};
		0858DA5B1C0550B7007FA426 /* Json */ = {
			isa = PBXGroup;
			children = (
				0858DA5C1C0550B7007FA426 /* Json.swift */,
				0858DA5D1C0550B7007FA426 /* JsonParser.swift */,
			);
			path = Json;
			sourceTree = "<group>";
		};
		0858DA5E1C0550B7007FA426 /* Maths */ = {
			isa = PBXGroup;
			children = (
				0858DA5F1C0550B7007FA426 /* Complex.swift */,
				0858DA601C0550B7007FA426 /* Geometry.swift */,
				0858DA611C0550B7007FA426 /* Maths.swift */,
				0858DA621C0550B7007FA426 /* Matrix.swift */,
				0858DA631C0550B7007FA426 /* Point.swift */,
				0858DA641C0550B7007FA426 /* Polynomial.swift */,
				0858DA651C0550B7007FA426 /* Prime.swift */,
				0858DA661C0550B7007FA426 /* Random.swift */,
				0858DA671C0550B7007FA426 /* Rect.swift */,
				0858DA681C0550B7007FA426 /* SDTransform.swift */,
				0858DA691C0550B7007FA426 /* Vector.swift */,
			);
			path = Maths;
			sourceTree = "<group>";
		};
		0858DA6E1C0550B7007FA426 /* SDShape */ = {
			isa = PBXGroup;
			children = (
				0858DA6F1C0550B7007FA426 /* SDEllipse.swift */,
				0858DA701C0550B7007FA426 /* SDGraphic.swift */,
				0858DA711C0550B7007FA426 /* SDPath.swift */,
				0858DA721C0550B7007FA426 /* SDPathCoder.swift */,
				0858DA741C0550B7007FA426 /* SDRectangle.swift */,
				0858DA751C0550B7007FA426 /* SDShape.swift */,
			);
			path = SDShape;
			sourceTree = "<group>";
		};
		087FE58A1A372D23005A2E9E = {
			isa = PBXGroup;
			children = (
				0858DA401C0550B7007FA426 /* Doggie */,
				08AF77AE1A3A10510042491F /* CommonTest */,
				087FE5981A372D5B005A2E9E /* Doggie_iOS */,
				087FE5A51A372D5B005A2E9E /* Doggie_iOSTests */,
				087FE5B61A372D97005A2E9E /* Doggie_Mac */,
				087FE5C31A372D97005A2E9E /* Doggie_MacTests */,
				087FE5971A372D5B005A2E9E /* Products */,
			);
			sourceTree = "<group>";
		};
		087FE5971A372D5B005A2E9E /* Products */ = {
			isa = PBXGroup;
			children = (
				087FE5B51A372D97005A2E9E /* Doggie_Mac.framework */,
				087FE5BF1A372D97005A2E9E /* Doggie_MacTests.xctest */,
				081321D31C11D1840081B2B9 /* Doggie_iOS.framework */,
				081321DC1C11D1850081B2B9 /* Doggie_iOSTests.xctest */,
			);
			name = Products;
			sourceTree = "<group>";
		};
		087FE5981A372D5B005A2E9E /* Doggie_iOS */ = {
			isa = PBXGroup;
			children = (
				087FE59B1A372D5B005A2E9E /* Doggie_iOS.h */,
				087FE5991A372D5B005A2E9E /* Supporting Files */,
			);
			path = Doggie_iOS;
			sourceTree = "<group>";
		};
		087FE5991A372D5B005A2E9E /* Supporting Files */ = {
			isa = PBXGroup;
			children = (
				087FE59A1A372D5B005A2E9E /* Info.plist */,
			);
			name = "Supporting Files";
			sourceTree = "<group>";
		};
		087FE5A51A372D5B005A2E9E /* Doggie_iOSTests */ = {
			isa = PBXGroup;
			children = (
				087FE5A61A372D5B005A2E9E /* Supporting Files */,
			);
			path = Doggie_iOSTests;
			sourceTree = "<group>";
		};
		087FE5A61A372D5B005A2E9E /* Supporting Files */ = {
			isa = PBXGroup;
			children = (
				087FE5A71A372D5B005A2E9E /* Info.plist */,
			);
			name = "Supporting Files";
			sourceTree = "<group>";
		};
		087FE5B61A372D97005A2E9E /* Doggie_Mac */ = {
			isa = PBXGroup;
			children = (
				087FE5B91A372D97005A2E9E /* Doggie_Mac.h */,
				087FE5B71A372D97005A2E9E /* Supporting Files */,
			);
			path = Doggie_Mac;
			sourceTree = "<group>";
		};
		087FE5B71A372D97005A2E9E /* Supporting Files */ = {
			isa = PBXGroup;
			children = (
				087FE5B81A372D97005A2E9E /* Info.plist */,
			);
			name = "Supporting Files";
			sourceTree = "<group>";
		};
		087FE5C31A372D97005A2E9E /* Doggie_MacTests */ = {
			isa = PBXGroup;
			children = (
				087FE5C41A372D97005A2E9E /* Supporting Files */,
			);
			path = Doggie_MacTests;
			sourceTree = "<group>";
		};
		087FE5C41A372D97005A2E9E /* Supporting Files */ = {
			isa = PBXGroup;
			children = (
				087FE5C51A372D97005A2E9E /* Info.plist */,
			);
			name = "Supporting Files";
			sourceTree = "<group>";
		};
		08AF77AE1A3A10510042491F /* CommonTest */ = {
			isa = PBXGroup;
			children = (
				08AF77AF1A3A10510042491F /* EncryptionTests.swift */,
				08BFF9B91B0715ED00EC88CB /* FourierTest.swift */,
			);
			path = CommonTest;
			sourceTree = "<group>";
		};
		0ACE1DFA1C570F4F00106D1F /* Foundation */ = {
			isa = PBXGroup;
			children = (
				0A3F4DC21CAE0C7400699FF7 /* Atomic.swift */,
				0ACE1DFB1C570F6A00106D1F /* Environment.swift */,
				0ACE1E141C57114A00106D1F /* Functional.swift */,
				0ACE1E191C5711D300106D1F /* Graph.swift */,
				085EB5541CA96D9300EBC12C /* Integer.swift */,
				0ACE1E051C57104300106D1F /* ParallelCollectionType.swift */,
				0ACE1E0F1C57110D00106D1F /* String.swift */,
				088C0C3C1CB227F5003B1BCE /* Thread.swift */,
				0858DA781C0550B7007FA426 /* UUID.swift */,
			);
			path = Foundation;
			sourceTree = "<group>";
		};
/* End PBXGroup section */

/* Begin PBXHeadersBuildPhase section */
		081321D01C11D1840081B2B9 /* Headers */ = {
			isa = PBXHeadersBuildPhase;
			buildActionMask = 2147483647;
			files = (
				082516261C51C60A00F8F9B0 /* Doggie_iOS.h in Headers */,
			);
			runOnlyForDeploymentPostprocessing = 0;
		};
		087FE5B21A372D97005A2E9E /* Headers */ = {
			isa = PBXHeadersBuildPhase;
			buildActionMask = 2147483647;
			files = (
				087FE5BA1A372D97005A2E9E /* Doggie_Mac.h in Headers */,
			);
			runOnlyForDeploymentPostprocessing = 0;
		};
/* End PBXHeadersBuildPhase section */

/* Begin PBXNativeTarget section */
		081321D21C11D1840081B2B9 /* Doggie_iOS */ = {
			isa = PBXNativeTarget;
			buildConfigurationList = 081321E41C11D1850081B2B9 /* Build configuration list for PBXNativeTarget "Doggie_iOS" */;
			buildPhases = (
				081321CE1C11D1840081B2B9 /* Sources */,
				081321CF1C11D1840081B2B9 /* Frameworks */,
				081321D01C11D1840081B2B9 /* Headers */,
				081321D11C11D1840081B2B9 /* Resources */,
			);
			buildRules = (
			);
			dependencies = (
			);
			name = Doggie_iOS;
			productName = Doggie_iOS;
			productReference = 081321D31C11D1840081B2B9 /* Doggie_iOS.framework */;
			productType = "com.apple.product-type.framework";
		};
		081321DB1C11D1850081B2B9 /* Doggie_iOSTests */ = {
			isa = PBXNativeTarget;
			buildConfigurationList = 081321E71C11D1850081B2B9 /* Build configuration list for PBXNativeTarget "Doggie_iOSTests" */;
			buildPhases = (
				081321D81C11D1850081B2B9 /* Sources */,
				081321D91C11D1850081B2B9 /* Frameworks */,
				081321DA1C11D1850081B2B9 /* Resources */,
			);
			buildRules = (
			);
			dependencies = (
				081321DF1C11D1850081B2B9 /* PBXTargetDependency */,
			);
			name = Doggie_iOSTests;
			productName = Doggie_iOSTests;
			productReference = 081321DC1C11D1850081B2B9 /* Doggie_iOSTests.xctest */;
			productType = "com.apple.product-type.bundle.unit-test";
		};
		087FE5B41A372D97005A2E9E /* Doggie_Mac */ = {
			isa = PBXNativeTarget;
			buildConfigurationList = 087FE5C81A372D98005A2E9E /* Build configuration list for PBXNativeTarget "Doggie_Mac" */;
			buildPhases = (
				087FE5B01A372D97005A2E9E /* Sources */,
				087FE5B11A372D97005A2E9E /* Frameworks */,
				087FE5B21A372D97005A2E9E /* Headers */,
				087FE5B31A372D97005A2E9E /* Resources */,
			);
			buildRules = (
			);
			dependencies = (
			);
			name = Doggie_Mac;
			productName = Doggie_Mac;
			productReference = 087FE5B51A372D97005A2E9E /* Doggie_Mac.framework */;
			productType = "com.apple.product-type.framework";
		};
		087FE5BE1A372D97005A2E9E /* Doggie_MacTests */ = {
			isa = PBXNativeTarget;
			buildConfigurationList = 087FE5CB1A372D98005A2E9E /* Build configuration list for PBXNativeTarget "Doggie_MacTests" */;
			buildPhases = (
				087FE5BB1A372D97005A2E9E /* Sources */,
				087FE5BC1A372D97005A2E9E /* Frameworks */,
				087FE5BD1A372D97005A2E9E /* Resources */,
			);
			buildRules = (
			);
			dependencies = (
				087FE5C21A372D97005A2E9E /* PBXTargetDependency */,
			);
			name = Doggie_MacTests;
			productName = Doggie_MacTests;
			productReference = 087FE5BF1A372D97005A2E9E /* Doggie_MacTests.xctest */;
			productType = "com.apple.product-type.bundle.unit-test";
		};
/* End PBXNativeTarget section */

/* Begin PBXProject section */
		087FE58B1A372D23005A2E9E /* Project object */ = {
			isa = PBXProject;
			attributes = {
				LastSwiftUpdateCheck = 0710;
				LastUpgradeCheck = 0700;
				TargetAttributes = {
					081321D21C11D1840081B2B9 = {
						CreatedOnToolsVersion = 7.1.1;
					};
					081321DB1C11D1850081B2B9 = {
						CreatedOnToolsVersion = 7.1.1;
					};
					087FE5B41A372D97005A2E9E = {
						CreatedOnToolsVersion = 6.1.1;
					};
					087FE5BE1A372D97005A2E9E = {
						CreatedOnToolsVersion = 6.1.1;
					};
				};
			};
			buildConfigurationList = 087FE58E1A372D23005A2E9E /* Build configuration list for PBXProject "Doggie" */;
			compatibilityVersion = "Xcode 3.2";
			developmentRegion = English;
			hasScannedForEncodings = 0;
			knownRegions = (
				en,
			);
			mainGroup = 087FE58A1A372D23005A2E9E;
			productRefGroup = 087FE5971A372D5B005A2E9E /* Products */;
			projectDirPath = "";
			projectRoot = "";
			targets = (
				081321D21C11D1840081B2B9 /* Doggie_iOS */,
				081321DB1C11D1850081B2B9 /* Doggie_iOSTests */,
				087FE5B41A372D97005A2E9E /* Doggie_Mac */,
				087FE5BE1A372D97005A2E9E /* Doggie_MacTests */,
			);
		};
/* End PBXProject section */

/* Begin PBXResourcesBuildPhase section */
		081321D11C11D1840081B2B9 /* Resources */ = {
			isa = PBXResourcesBuildPhase;
			buildActionMask = 2147483647;
			files = (
			);
			runOnlyForDeploymentPostprocessing = 0;
		};
		081321DA1C11D1850081B2B9 /* Resources */ = {
			isa = PBXResourcesBuildPhase;
			buildActionMask = 2147483647;
			files = (
			);
			runOnlyForDeploymentPostprocessing = 0;
		};
		087FE5B31A372D97005A2E9E /* Resources */ = {
			isa = PBXResourcesBuildPhase;
			buildActionMask = 2147483647;
			files = (
			);
			runOnlyForDeploymentPostprocessing = 0;
		};
		087FE5BD1A372D97005A2E9E /* Resources */ = {
			isa = PBXResourcesBuildPhase;
			buildActionMask = 2147483647;
			files = (
			);
			runOnlyForDeploymentPostprocessing = 0;
		};
/* End PBXResourcesBuildPhase section */

/* Begin PBXSourcesBuildPhase section */
		081321CE1C11D1840081B2B9 /* Sources */ = {
			isa = PBXSourcesBuildPhase;
			buildActionMask = 2147483647;
			files = (
				0ACE1E101C57110D00106D1F /* String.swift in Sources */,
				081322471C11D3600081B2B9 /* Regex.swift in Sources */,
				081322281C11D3600081B2B9 /* Move.swift in Sources */,
				081322231C11D3600081B2B9 /* ComplexConversion.swift in Sources */,
				081322401C11D3600081B2B9 /* Polynomial.swift in Sources */,
				0813223C1C11D3600081B2B9 /* Geometry.swift in Sources */,
				0813224F1C11D3600081B2B9 /* SDRectangle.swift in Sources */,
				081322351C11D3600081B2B9 /* sha384.swift in Sources */,
				0813224A1C11D3600081B2B9 /* SDEllipse.swift in Sources */,
				0813222C1C11D3600081B2B9 /* Color.swift in Sources */,
				081322261C11D3600081B2B9 /* DiscreteConvolve.swift in Sources */,
				0813224D1C11D3600081B2B9 /* SDPathCoder.swift in Sources */,
				081322411C11D3600081B2B9 /* Prime.swift in Sources */,
				081322491C11D3600081B2B9 /* SDAtomicNode.swift in Sources */,
				081322381C11D3600081B2B9 /* Fourier.swift in Sources */,
				0813223A1C11D3600081B2B9 /* JsonParser.swift in Sources */,
				0813223E1C11D3600081B2B9 /* Matrix.swift in Sources */,
				08863CC81C22756F004C27E5 /* SDObserver.swift in Sources */,
				081322251C11D3600081B2B9 /* CooleyTukey.swift in Sources */,
				081322241C11D3600081B2B9 /* Conversion.swift in Sources */,
				081322311C11D3600081B2B9 /* SecureBuffer.swift in Sources */,
				0813223D1C11D3600081B2B9 /* Maths.swift in Sources */,
				081322501C11D3600081B2B9 /* SDShape.swift in Sources */,
				0ACE1E151C57114A00106D1F /* Functional.swift in Sources */,
				08AA03141C219B9900609109 /* SDSink.swift in Sources */,
				081322391C11D3600081B2B9 /* Json.swift in Sources */,
				0813223F1C11D3600081B2B9 /* Point.swift in Sources */,
				081322431C11D3600081B2B9 /* Rect.swift in Sources */,
				0813222D1C11D3600081B2B9 /* CommonFunction.swift in Sources */,
				081322221C11D3600081B2B9 /* CircularConvolve.swift in Sources */,
				0813222E1C11D3600081B2B9 /* HashWrapper.swift in Sources */,
				081322341C11D3600081B2B9 /* sha256.swift in Sources */,
				081322201C11D3600081B2B9 /* AccelerateWrapper.swift in Sources */,
				081322321C11D3600081B2B9 /* sha1.swift in Sources */,
				0813222B1C11D3600081B2B9 /* Transpose.swift in Sources */,
				0813224B1C11D3600081B2B9 /* SDGraphic.swift in Sources */,
				0813222A1C11D3600081B2B9 /* SafeFunction.swift in Sources */,
				081322421C11D3600081B2B9 /* Random.swift in Sources */,
				081322511C11D3600081B2B9 /* Serialization.swift in Sources */,
				081322441C11D3600081B2B9 /* SDTransform.swift in Sources */,
				0813224C1C11D3600081B2B9 /* SDPath.swift in Sources */,
				081322361C11D3600081B2B9 /* sha512.swift in Sources */,
				085EB5551CA96D9300EBC12C /* Integer.swift in Sources */,
				088C0C3D1CB227F5003B1BCE /* Thread.swift in Sources */,
				0ACE1E1A1C5711D300106D1F /* Graph.swift in Sources */,
				081322531C11D3600081B2B9 /* UUID.swift in Sources */,
				0A3F4DC31CAE0C7400699FF7 /* Atomic.swift in Sources */,
				0813222F1C11D3600081B2B9 /* hmac.swift in Sources */,
				0813223B1C11D3600081B2B9 /* Complex.swift in Sources */,
				081322481C11D3600081B2B9 /* SDAspects.swift in Sources */,
				0ACE1E061C57104300106D1F /* ParallelCollectionType.swift in Sources */,
				0ACE1DFC1C570F6A00106D1F /* Environment.swift in Sources */,
				081322451C11D3600081B2B9 /* Vector.swift in Sources */,
				081322211C11D3600081B2B9 /* Arithmetic.swift in Sources */,
				081322301C11D3600081B2B9 /* md5.swift in Sources */,
				081322331C11D3600081B2B9 /* sha224.swift in Sources */,
			);
			runOnlyForDeploymentPostprocessing = 0;
		};
		081321D81C11D1850081B2B9 /* Sources */ = {
			isa = PBXSourcesBuildPhase;
			buildActionMask = 2147483647;
			files = (
				081322141C11D3600081B2B9 /* SDAspects.swift in Sources */,
				081321EC1C11D3600081B2B9 /* AccelerateWrapper.swift in Sources */,
				081322061C11D3600081B2B9 /* JsonParser.swift in Sources */,
				081322111C11D3600081B2B9 /* Vector.swift in Sources */,
				0A3F4DC41CAE0C7400699FF7 /* Atomic.swift in Sources */,
				081322021C11D3600081B2B9 /* sha512.swift in Sources */,
				081322091C11D3600081B2B9 /* Maths.swift in Sources */,
				081321FC1C11D3600081B2B9 /* md5.swift in Sources */,
				08AA03151C219B9900609109 /* SDSink.swift in Sources */,
				0813220A1C11D3600081B2B9 /* Matrix.swift in Sources */,
				081322161C11D3600081B2B9 /* SDEllipse.swift in Sources */,
				081321F11C11D3600081B2B9 /* CooleyTukey.swift in Sources */,
				0813220D1C11D3600081B2B9 /* Prime.swift in Sources */,
				0ACE1E1B1C5711D300106D1F /* Graph.swift in Sources */,
				081322081C11D3600081B2B9 /* Geometry.swift in Sources */,
				0813221D1C11D3600081B2B9 /* Serialization.swift in Sources */,
				081321ED1C11D3600081B2B9 /* Arithmetic.swift in Sources */,
				081322101C11D3600081B2B9 /* SDTransform.swift in Sources */,
				0ACE1DFD1C570F6A00106D1F /* Environment.swift in Sources */,
				0813220E1C11D3600081B2B9 /* Random.swift in Sources */,
				085EB5561CA96D9300EBC12C /* Integer.swift in Sources */,
				081321FE1C11D3600081B2B9 /* sha1.swift in Sources */,
				0813221F1C11D3600081B2B9 /* UUID.swift in Sources */,
				081321EB1C11D2C60081B2B9 /* FourierTest.swift in Sources */,
				081322051C11D3600081B2B9 /* Json.swift in Sources */,
				081322131C11D3600081B2B9 /* Regex.swift in Sources */,
				081321F21C11D3600081B2B9 /* DiscreteConvolve.swift in Sources */,
				081321FD1C11D3600081B2B9 /* SecureBuffer.swift in Sources */,
				081322151C11D3600081B2B9 /* SDAtomicNode.swift in Sources */,
				081321FF1C11D3600081B2B9 /* sha224.swift in Sources */,
				088C0C401CB22842003B1BCE /* Thread.swift in Sources */,
				081322011C11D3600081B2B9 /* sha384.swift in Sources */,
				0813221C1C11D3600081B2B9 /* SDShape.swift in Sources */,
				081322181C11D3600081B2B9 /* SDPath.swift in Sources */,
				081322041C11D3600081B2B9 /* Fourier.swift in Sources */,
				08863CC91C22756F004C27E5 /* SDObserver.swift in Sources */,
				081322191C11D3600081B2B9 /* SDPathCoder.swift in Sources */,
				081321EE1C11D3600081B2B9 /* CircularConvolve.swift in Sources */,
				081321F01C11D3600081B2B9 /* Conversion.swift in Sources */,
				081321F81C11D3600081B2B9 /* Color.swift in Sources */,
				081321EF1C11D3600081B2B9 /* ComplexConversion.swift in Sources */,
				081321FB1C11D3600081B2B9 /* hmac.swift in Sources */,
				0ACE1E111C57110D00106D1F /* String.swift in Sources */,
				0813220B1C11D3600081B2B9 /* Point.swift in Sources */,
				081321FA1C11D3600081B2B9 /* HashWrapper.swift in Sources */,
				081321F61C11D3600081B2B9 /* SafeFunction.swift in Sources */,
				0ACE1E071C57104300106D1F /* ParallelCollectionType.swift in Sources */,
				081321EA1C11D2C40081B2B9 /* EncryptionTests.swift in Sources */,
				081321F41C11D3600081B2B9 /* Move.swift in Sources */,
				0813221B1C11D3600081B2B9 /* SDRectangle.swift in Sources */,
				081321F91C11D3600081B2B9 /* CommonFunction.swift in Sources */,
				0813220C1C11D3600081B2B9 /* Polynomial.swift in Sources */,
				081322171C11D3600081B2B9 /* SDGraphic.swift in Sources */,
				081321F71C11D3600081B2B9 /* Transpose.swift in Sources */,
				0813220F1C11D3600081B2B9 /* Rect.swift in Sources */,
				0ACE1E161C57114A00106D1F /* Functional.swift in Sources */,
				081322071C11D3600081B2B9 /* Complex.swift in Sources */,
				081322001C11D3600081B2B9 /* sha256.swift in Sources */,
			);
			runOnlyForDeploymentPostprocessing = 0;
		};
		087FE5B01A372D97005A2E9E /* Sources */ = {
			isa = PBXSourcesBuildPhase;
			buildActionMask = 2147483647;
			files = (
				0ACE1E121C57110D00106D1F /* String.swift in Sources */,
				0858DB371C0550B7007FA426 /* SDShape.swift in Sources */,
				0858DB331C0550B7007FA426 /* SDRectangle.swift in Sources */,
				0858DB3B1C0550B7007FA426 /* Serialization.swift in Sources */,
				0858DAF31C0550B7007FA426 /* Point.swift in Sources */,
				0858DAE71C0550B7007FA426 /* Geometry.swift in Sources */,
				0858DB0B1C0550B7007FA426 /* Vector.swift in Sources */,
				0858DAE31C0550B7007FA426 /* Complex.swift in Sources */,
				0858DB1F1C0550B7007FA426 /* SDEllipse.swift in Sources */,
				0858DA9B1C0550B7007FA426 /* Move.swift in Sources */,
				0858DB1B1C0550B7007FA426 /* SDAtomicNode.swift in Sources */,
				0858DA871C0550B7007FA426 /* ComplexConversion.swift in Sources */,
				0858DACF1C0550B7007FA426 /* sha384.swift in Sources */,
				0858DB481C055172007FA426 /* Fourier.swift in Sources */,
				0858DAAB1C0550B7007FA426 /* Color.swift in Sources */,
				0858DADB1C0550B7007FA426 /* Json.swift in Sources */,
				08863CCA1C22756F004C27E5 /* SDObserver.swift in Sources */,
				0858DA931C0550B7007FA426 /* DiscreteConvolve.swift in Sources */,
				0858DA8F1C0550B7007FA426 /* CooleyTukey.swift in Sources */,
				0858DA8B1C0550B7007FA426 /* Conversion.swift in Sources */,
				0858DABF1C0550B7007FA426 /* SecureBuffer.swift in Sources */,
				0858DB231C0550B7007FA426 /* SDGraphic.swift in Sources */,
				0ACE1E171C57114A00106D1F /* Functional.swift in Sources */,
				08AA03161C219B9900609109 /* SDSink.swift in Sources */,
				0858DAAF1C0550B7007FA426 /* CommonFunction.swift in Sources */,
				0858DAF71C0550B7007FA426 /* Polynomial.swift in Sources */,
				0858DADF1C0550B7007FA426 /* JsonParser.swift in Sources */,
				0858DA831C0550B7007FA426 /* CircularConvolve.swift in Sources */,
				0858DAB31C0550B7007FA426 /* HashWrapper.swift in Sources */,
				0858DAFB1C0550B7007FA426 /* Prime.swift in Sources */,
				0858DAFF1C0550B7007FA426 /* Random.swift in Sources */,
				0858DB431C0550B7007FA426 /* UUID.swift in Sources */,
				0858DACB1C0550B7007FA426 /* sha256.swift in Sources */,
				0858DB2B1C0550B7007FA426 /* SDPathCoder.swift in Sources */,
				0858DA7B1C0550B7007FA426 /* AccelerateWrapper.swift in Sources */,
				0858DAC31C0550B7007FA426 /* sha1.swift in Sources */,
				0858DAEB1C0550B7007FA426 /* Maths.swift in Sources */,
				0858DAA71C0550B7007FA426 /* Transpose.swift in Sources */,
				0858DAA31C0550B7007FA426 /* SafeFunction.swift in Sources */,
				0858DB271C0550B7007FA426 /* SDPath.swift in Sources */,
				0858DB171C0550B7007FA426 /* SDAspects.swift in Sources */,
				0858DB031C0550B7007FA426 /* Rect.swift in Sources */,
				085EB5571CA96D9300EBC12C /* Integer.swift in Sources */,
				088C0C3F1CB22842003B1BCE /* Thread.swift in Sources */,
				0858DAD31C0550B7007FA426 /* sha512.swift in Sources */,
				0ACE1E1C1C5711D300106D1F /* Graph.swift in Sources */,
				0A3F4DC51CAE0C7400699FF7 /* Atomic.swift in Sources */,
				0858DAB71C0550B7007FA426 /* hmac.swift in Sources */,
				0858DB071C0550B7007FA426 /* SDTransform.swift in Sources */,
				0858DAEF1C0550B7007FA426 /* Matrix.swift in Sources */,
				0ACE1E081C57104300106D1F /* ParallelCollectionType.swift in Sources */,
				0ACE1DFE1C570F6A00106D1F /* Environment.swift in Sources */,
				0858DA7F1C0550B7007FA426 /* Arithmetic.swift in Sources */,
				0858DABB1C0550B7007FA426 /* md5.swift in Sources */,
				0858DAC71C0550B7007FA426 /* sha224.swift in Sources */,
				0858DB131C0550B7007FA426 /* Regex.swift in Sources */,
			);
			runOnlyForDeploymentPostprocessing = 0;
		};
		087FE5BB1A372D97005A2E9E /* Sources */ = {
			isa = PBXSourcesBuildPhase;
			buildActionMask = 2147483647;
			files = (
				0858DA7C1C0550B7007FA426 /* AccelerateWrapper.swift in Sources */,
				0858DB441C0550B7007FA426 /* UUID.swift in Sources */,
				0858DAD41C0550B7007FA426 /* sha512.swift in Sources */,
				0858DABC1C0550B7007FA426 /* md5.swift in Sources */,
				0A3F4DC61CAE0C7400699FF7 /* Atomic.swift in Sources */,
				0858DA901C0550B7007FA426 /* CooleyTukey.swift in Sources */,
				0858DA801C0550B7007FA426 /* Arithmetic.swift in Sources */,
				0858DAC41C0550B7007FA426 /* sha1.swift in Sources */,
				08AA03171C219B9900609109 /* SDSink.swift in Sources */,
				08BFF9BC1B07161E00EC88CB /* FourierTest.swift in Sources */,
				0858DA941C0550B7007FA426 /* DiscreteConvolve.swift in Sources */,
				0858DB241C0550B7007FA426 /* SDGraphic.swift in Sources */,
				0ACE1E1D1C5711D300106D1F /* Graph.swift in Sources */,
				0858DB491C055172007FA426 /* Fourier.swift in Sources */,
				0858DB001C0550B7007FA426 /* Random.swift in Sources */,
				0858DB081C0550B7007FA426 /* SDTransform.swift in Sources */,
				0858DAC01C0550B7007FA426 /* SecureBuffer.swift in Sources */,
				0ACE1DFF1C570F6A00106D1F /* Environment.swift in Sources */,
				0858DB341C0550B7007FA426 /* SDRectangle.swift in Sources */,
				085EB5581CA96D9300EBC12C /* Integer.swift in Sources */,
				0858DAC81C0550B7007FA426 /* sha224.swift in Sources */,
				0858DAD01C0550B7007FA426 /* sha384.swift in Sources */,
				0858DA841C0550B7007FA426 /* CircularConvolve.swift in Sources */,
				0858DA8C1C0550B7007FA426 /* Conversion.swift in Sources */,
				0858DAAC1C0550B7007FA426 /* Color.swift in Sources */,
				0858DA881C0550B7007FA426 /* ComplexConversion.swift in Sources */,
				0858DAB81C0550B7007FA426 /* hmac.swift in Sources */,
				0858DB381C0550B7007FA426 /* SDShape.swift in Sources */,
				0858DAEC1C0550B7007FA426 /* Maths.swift in Sources */,
				0858DADC1C0550B7007FA426 /* Json.swift in Sources */,
				088C0C3E1CB22842003B1BCE /* Thread.swift in Sources */,
				0858DAE81C0550B7007FA426 /* Geometry.swift in Sources */,
				08863CCB1C22756F004C27E5 /* SDObserver.swift in Sources */,
				0858DAFC1C0550B7007FA426 /* Prime.swift in Sources */,
				0858DB281C0550B7007FA426 /* SDPath.swift in Sources */,
				0858DAB41C0550B7007FA426 /* HashWrapper.swift in Sources */,
				0858DAA41C0550B7007FA426 /* SafeFunction.swift in Sources */,
				0858DB181C0550B7007FA426 /* SDAspects.swift in Sources */,
				08B76CBE1A810FEC00ED9583 /* EncryptionTests.swift in Sources */,
				0858DAE41C0550B7007FA426 /* Complex.swift in Sources */,
				0ACE1E131C57110D00106D1F /* String.swift in Sources */,
				0858DB2C1C0550B7007FA426 /* SDPathCoder.swift in Sources */,
				0858DB1C1C0550B7007FA426 /* SDAtomicNode.swift in Sources */,
				0858DB141C0550B7007FA426 /* Regex.swift in Sources */,
				0858DA9C1C0550B7007FA426 /* Move.swift in Sources */,
				0ACE1E091C57104300106D1F /* ParallelCollectionType.swift in Sources */,
				0858DAF81C0550B7007FA426 /* Polynomial.swift in Sources */,
				0858DB201C0550B7007FA426 /* SDEllipse.swift in Sources */,
				0858DAB01C0550B7007FA426 /* CommonFunction.swift in Sources */,
				0858DB041C0550B7007FA426 /* Rect.swift in Sources */,
				0858DAF01C0550B7007FA426 /* Matrix.swift in Sources */,
				0858DB0C1C0550B7007FA426 /* Vector.swift in Sources */,
				0858DAF41C0550B7007FA426 /* Point.swift in Sources */,
				0858DAA81C0550B7007FA426 /* Transpose.swift in Sources */,
				0858DAE01C0550B7007FA426 /* JsonParser.swift in Sources */,
				0ACE1E181C57114A00106D1F /* Functional.swift in Sources */,
				0858DB3C1C0550B7007FA426 /* Serialization.swift in Sources */,
				0858DACC1C0550B7007FA426 /* sha256.swift in Sources */,
			);
			runOnlyForDeploymentPostprocessing = 0;
		};
/* End PBXSourcesBuildPhase section */

/* Begin PBXTargetDependency section */
		081321DF1C11D1850081B2B9 /* PBXTargetDependency */ = {
			isa = PBXTargetDependency;
			target = 081321D21C11D1840081B2B9 /* Doggie_iOS */;
			targetProxy = 081321DE1C11D1850081B2B9 /* PBXContainerItemProxy */;
		};
		087FE5C21A372D97005A2E9E /* PBXTargetDependency */ = {
			isa = PBXTargetDependency;
			target = 087FE5B41A372D97005A2E9E /* Doggie_Mac */;
			targetProxy = 087FE5C11A372D97005A2E9E /* PBXContainerItemProxy */;
		};
/* End PBXTargetDependency section */

/* Begin XCBuildConfiguration section */
		081321E51C11D1850081B2B9 /* Debug */ = {
			isa = XCBuildConfiguration;
			buildSettings = {
				ALWAYS_SEARCH_USER_PATHS = NO;
				CLANG_CXX_LANGUAGE_STANDARD = "gnu++0x";
				CLANG_CXX_LIBRARY = "libc++";
				CLANG_WARN_BOOL_CONVERSION = YES;
				CLANG_WARN_CONSTANT_CONVERSION = YES;
				CLANG_WARN_DIRECT_OBJC_ISA_USAGE = YES_ERROR;
				CLANG_WARN_EMPTY_BODY = YES;
				CLANG_WARN_ENUM_CONVERSION = YES;
				CLANG_WARN_INT_CONVERSION = YES;
				CLANG_WARN_OBJC_ROOT_CLASS = YES_ERROR;
				CLANG_WARN_UNREACHABLE_CODE = YES;
				CLANG_WARN__DUPLICATE_METHOD_MATCH = YES;
				CODE_SIGN_IDENTITY = "iPhone Developer";
				COPY_PHASE_STRIP = NO;
				CURRENT_PROJECT_VERSION = 1;
				DEBUG_INFORMATION_FORMAT = dwarf;
				DEFINES_MODULE = YES;
				DYLIB_COMPATIBILITY_VERSION = 1;
				DYLIB_CURRENT_VERSION = 1;
				DYLIB_INSTALL_NAME_BASE = "@rpath";
				EMBEDDED_CONTENT_CONTAINS_SWIFT = YES;
				ENABLE_STRICT_OBJC_MSGSEND = YES;
				GCC_C_LANGUAGE_STANDARD = gnu99;
				GCC_DYNAMIC_NO_PIC = NO;
				GCC_NO_COMMON_BLOCKS = YES;
				GCC_PREPROCESSOR_DEFINITIONS = (
					"DEBUG=1",
					"$(inherited)",
				);
				GCC_WARN_64_TO_32_BIT_CONVERSION = YES;
				GCC_WARN_ABOUT_RETURN_TYPE = YES_ERROR;
				GCC_WARN_UNDECLARED_SELECTOR = YES;
				GCC_WARN_UNINITIALIZED_AUTOS = YES_AGGRESSIVE;
				GCC_WARN_UNUSED_FUNCTION = YES;
				GCC_WARN_UNUSED_VARIABLE = YES;
				INFOPLIST_FILE = Doggie_iOS/Info.plist;
				INSTALL_PATH = "$(LOCAL_LIBRARY_DIR)/Frameworks";
				LD_RUNPATH_SEARCH_PATHS = "$(inherited) @executable_path/Frameworks @loader_path/Frameworks";
				MTL_ENABLE_DEBUG_INFO = YES;
				PRODUCT_BUNDLE_IDENTIFIER = "com.SusanDoggie.Doggie-iOS";
				PRODUCT_NAME = "$(TARGET_NAME)";
				SDKROOT = iphoneos;
				SKIP_INSTALL = YES;
				TARGETED_DEVICE_FAMILY = "1,2";
				VERSIONING_SYSTEM = "apple-generic";
				VERSION_INFO_PREFIX = "";
			};
			name = Debug;
		};
		081321E61C11D1850081B2B9 /* Release */ = {
			isa = XCBuildConfiguration;
			buildSettings = {
				ALWAYS_SEARCH_USER_PATHS = NO;
				CLANG_CXX_LANGUAGE_STANDARD = "gnu++0x";
				CLANG_CXX_LIBRARY = "libc++";
				CLANG_WARN_BOOL_CONVERSION = YES;
				CLANG_WARN_CONSTANT_CONVERSION = YES;
				CLANG_WARN_DIRECT_OBJC_ISA_USAGE = YES_ERROR;
				CLANG_WARN_EMPTY_BODY = YES;
				CLANG_WARN_ENUM_CONVERSION = YES;
				CLANG_WARN_INT_CONVERSION = YES;
				CLANG_WARN_OBJC_ROOT_CLASS = YES_ERROR;
				CLANG_WARN_UNREACHABLE_CODE = YES;
				CLANG_WARN__DUPLICATE_METHOD_MATCH = YES;
				CODE_SIGN_IDENTITY = "iPhone Distribution";
				COPY_PHASE_STRIP = NO;
				CURRENT_PROJECT_VERSION = 1;
				DEBUG_INFORMATION_FORMAT = "dwarf-with-dsym";
				DEFINES_MODULE = YES;
				DYLIB_COMPATIBILITY_VERSION = 1;
				DYLIB_CURRENT_VERSION = 1;
				DYLIB_INSTALL_NAME_BASE = "@rpath";
				EMBEDDED_CONTENT_CONTAINS_SWIFT = YES;
				ENABLE_NS_ASSERTIONS = NO;
				ENABLE_STRICT_OBJC_MSGSEND = YES;
				GCC_C_LANGUAGE_STANDARD = gnu99;
				GCC_NO_COMMON_BLOCKS = YES;
				GCC_WARN_64_TO_32_BIT_CONVERSION = YES;
				GCC_WARN_ABOUT_RETURN_TYPE = YES_ERROR;
				GCC_WARN_UNDECLARED_SELECTOR = YES;
				GCC_WARN_UNINITIALIZED_AUTOS = YES_AGGRESSIVE;
				GCC_WARN_UNUSED_FUNCTION = YES;
				GCC_WARN_UNUSED_VARIABLE = YES;
				INFOPLIST_FILE = Doggie_iOS/Info.plist;
				INSTALL_PATH = "$(LOCAL_LIBRARY_DIR)/Frameworks";
				LD_RUNPATH_SEARCH_PATHS = "$(inherited) @executable_path/Frameworks @loader_path/Frameworks";
				MTL_ENABLE_DEBUG_INFO = NO;
				PRODUCT_BUNDLE_IDENTIFIER = "com.SusanDoggie.Doggie-iOS";
				PRODUCT_NAME = "$(TARGET_NAME)";
				SDKROOT = iphoneos;
				SKIP_INSTALL = YES;
				TARGETED_DEVICE_FAMILY = "1,2";
				VALIDATE_PRODUCT = YES;
				VERSIONING_SYSTEM = "apple-generic";
				VERSION_INFO_PREFIX = "";
			};
			name = Release;
		};
		081321E81C11D1850081B2B9 /* Debug */ = {
			isa = XCBuildConfiguration;
			buildSettings = {
				ALWAYS_SEARCH_USER_PATHS = NO;
				CLANG_CXX_LANGUAGE_STANDARD = "gnu++0x";
				CLANG_CXX_LIBRARY = "libc++";
				CLANG_WARN_BOOL_CONVERSION = YES;
				CLANG_WARN_CONSTANT_CONVERSION = YES;
				CLANG_WARN_DIRECT_OBJC_ISA_USAGE = YES_ERROR;
				CLANG_WARN_EMPTY_BODY = YES;
				CLANG_WARN_ENUM_CONVERSION = YES;
				CLANG_WARN_INT_CONVERSION = YES;
				CLANG_WARN_OBJC_ROOT_CLASS = YES_ERROR;
				CLANG_WARN_UNREACHABLE_CODE = YES;
				CLANG_WARN__DUPLICATE_METHOD_MATCH = YES;
				"CODE_SIGN_IDENTITY[sdk=iphoneos*]" = "iPhone Developer";
				COPY_PHASE_STRIP = NO;
				DEBUG_INFORMATION_FORMAT = dwarf;
				ENABLE_STRICT_OBJC_MSGSEND = YES;
				GCC_C_LANGUAGE_STANDARD = gnu99;
				GCC_DYNAMIC_NO_PIC = NO;
				GCC_NO_COMMON_BLOCKS = YES;
				GCC_PREPROCESSOR_DEFINITIONS = (
					"DEBUG=1",
					"$(inherited)",
				);
				GCC_WARN_64_TO_32_BIT_CONVERSION = YES;
				GCC_WARN_ABOUT_RETURN_TYPE = YES_ERROR;
				GCC_WARN_UNDECLARED_SELECTOR = YES;
				GCC_WARN_UNINITIALIZED_AUTOS = YES_AGGRESSIVE;
				GCC_WARN_UNUSED_FUNCTION = YES;
				GCC_WARN_UNUSED_VARIABLE = YES;
				INFOPLIST_FILE = Doggie_iOSTests/Info.plist;
				IPHONEOS_DEPLOYMENT_TARGET = 9.1;
				LD_RUNPATH_SEARCH_PATHS = "$(inherited) @executable_path/Frameworks @loader_path/Frameworks";
				MTL_ENABLE_DEBUG_INFO = YES;
				PRODUCT_BUNDLE_IDENTIFIER = "com.SusanDoggie.Doggie-iOSTests";
				PRODUCT_NAME = "$(TARGET_NAME)";
				SDKROOT = iphoneos;
			};
			name = Debug;
		};
		081321E91C11D1850081B2B9 /* Release */ = {
			isa = XCBuildConfiguration;
			buildSettings = {
				ALWAYS_SEARCH_USER_PATHS = NO;
				CLANG_CXX_LANGUAGE_STANDARD = "gnu++0x";
				CLANG_CXX_LIBRARY = "libc++";
				CLANG_WARN_BOOL_CONVERSION = YES;
				CLANG_WARN_CONSTANT_CONVERSION = YES;
				CLANG_WARN_DIRECT_OBJC_ISA_USAGE = YES_ERROR;
				CLANG_WARN_EMPTY_BODY = YES;
				CLANG_WARN_ENUM_CONVERSION = YES;
				CLANG_WARN_INT_CONVERSION = YES;
				CLANG_WARN_OBJC_ROOT_CLASS = YES_ERROR;
				CLANG_WARN_UNREACHABLE_CODE = YES;
				CLANG_WARN__DUPLICATE_METHOD_MATCH = YES;
				"CODE_SIGN_IDENTITY[sdk=iphoneos*]" = "iPhone Developer";
				COPY_PHASE_STRIP = NO;
				DEBUG_INFORMATION_FORMAT = "dwarf-with-dsym";
				ENABLE_NS_ASSERTIONS = NO;
				ENABLE_STRICT_OBJC_MSGSEND = YES;
				GCC_C_LANGUAGE_STANDARD = gnu99;
				GCC_NO_COMMON_BLOCKS = YES;
				GCC_WARN_64_TO_32_BIT_CONVERSION = YES;
				GCC_WARN_ABOUT_RETURN_TYPE = YES_ERROR;
				GCC_WARN_UNDECLARED_SELECTOR = YES;
				GCC_WARN_UNINITIALIZED_AUTOS = YES_AGGRESSIVE;
				GCC_WARN_UNUSED_FUNCTION = YES;
				GCC_WARN_UNUSED_VARIABLE = YES;
				INFOPLIST_FILE = Doggie_iOSTests/Info.plist;
				IPHONEOS_DEPLOYMENT_TARGET = 9.1;
				LD_RUNPATH_SEARCH_PATHS = "$(inherited) @executable_path/Frameworks @loader_path/Frameworks";
				MTL_ENABLE_DEBUG_INFO = NO;
				PRODUCT_BUNDLE_IDENTIFIER = "com.SusanDoggie.Doggie-iOSTests";
				PRODUCT_NAME = "$(TARGET_NAME)";
				SDKROOT = iphoneos;
				VALIDATE_PRODUCT = YES;
			};
			name = Release;
		};
		087FE58F1A372D23005A2E9E /* Debug */ = {
			isa = XCBuildConfiguration;
			buildSettings = {
				CLANG_ALLOW_NON_MODULAR_INCLUDES_IN_FRAMEWORK_MODULES = YES;
				CLANG_ENABLE_MODULES = YES;
				CLANG_ENABLE_OBJC_ARC = YES;
				DEFINES_MODULE = YES;
				ENABLE_TESTABILITY = YES;
				GCC_OPTIMIZATION_LEVEL = 0;
				IPHONEOS_DEPLOYMENT_TARGET = 8.0;
				MACOSX_DEPLOYMENT_TARGET = 10.10;
				ONLY_ACTIVE_ARCH = YES;
				SWIFT_OPTIMIZATION_LEVEL = "-Onone";
			};
			name = Debug;
		};
		087FE5901A372D23005A2E9E /* Release */ = {
			isa = XCBuildConfiguration;
			buildSettings = {
				CLANG_ALLOW_NON_MODULAR_INCLUDES_IN_FRAMEWORK_MODULES = YES;
				CLANG_ENABLE_MODULES = YES;
				CLANG_ENABLE_OBJC_ARC = YES;
				DEFINES_MODULE = YES;
				GCC_OPTIMIZATION_LEVEL = fast;
				IPHONEOS_DEPLOYMENT_TARGET = 8.0;
				MACOSX_DEPLOYMENT_TARGET = 10.10;
				SWIFT_OPTIMIZATION_LEVEL = "-Owholemodule";
			};
			name = Release;
		};
		087FE5C91A372D98005A2E9E /* Debug */ = {
			isa = XCBuildConfiguration;
			buildSettings = {
				ALWAYS_SEARCH_USER_PATHS = NO;
				CLANG_WARN_BOOL_CONVERSION = YES;
				CLANG_WARN_CONSTANT_CONVERSION = YES;
				CLANG_WARN_DIRECT_OBJC_ISA_USAGE = YES_ERROR;
				CLANG_WARN_EMPTY_BODY = YES;
				CLANG_WARN_ENUM_CONVERSION = YES;
				CLANG_WARN_INT_CONVERSION = YES;
				CLANG_WARN_OBJC_ROOT_CLASS = YES_ERROR;
				CLANG_WARN_UNREACHABLE_CODE = YES;
				CLANG_WARN__DUPLICATE_METHOD_MATCH = YES;
				CODE_SIGN_IDENTITY = "Mac Developer";
				COMBINE_HIDPI_IMAGES = YES;
				COPY_PHASE_STRIP = NO;
				CURRENT_PROJECT_VERSION = 1;
				DEFINES_MODULE = YES;
				DYLIB_COMPATIBILITY_VERSION = 1;
				DYLIB_CURRENT_VERSION = 1;
				DYLIB_INSTALL_NAME_BASE = "@rpath";
				EMBEDDED_CONTENT_CONTAINS_SWIFT = YES;
				ENABLE_STRICT_OBJC_MSGSEND = YES;
				FRAMEWORK_VERSION = A;
				GCC_PREPROCESSOR_DEFINITIONS = (
					"DEBUG=1",
					"$(inherited)",
				);
				GCC_WARN_64_TO_32_BIT_CONVERSION = YES;
				GCC_WARN_ABOUT_RETURN_TYPE = YES_ERROR;
				GCC_WARN_UNDECLARED_SELECTOR = YES;
				GCC_WARN_UNINITIALIZED_AUTOS = YES_AGGRESSIVE;
				GCC_WARN_UNUSED_FUNCTION = YES;
				GCC_WARN_UNUSED_VARIABLE = YES;
				INFOPLIST_FILE = Doggie_Mac/Info.plist;
				INSTALL_PATH = "$(LOCAL_LIBRARY_DIR)/Frameworks";
				LD_RUNPATH_SEARCH_PATHS = "$(inherited) @executable_path/../Frameworks @loader_path/Frameworks";
				LIBRARY_SEARCH_PATHS = (
					"$(inherited)",
					"$(SDKROOT)/usr/lib/system",
				);
				LLVM_LTO = YES;
				MTL_ENABLE_DEBUG_INFO = YES;
				PRODUCT_BUNDLE_IDENTIFIER = "com.SusanDoggie.$(PRODUCT_NAME:rfc1034identifier)";
				PRODUCT_NAME = "$(TARGET_NAME)";
				SDKROOT = macosx;
				SKIP_INSTALL = YES;
				VERSIONING_SYSTEM = "apple-generic";
				VERSION_INFO_PREFIX = "";
			};
			name = Debug;
		};
		087FE5CA1A372D98005A2E9E /* Release */ = {
			isa = XCBuildConfiguration;
			buildSettings = {
				ALWAYS_SEARCH_USER_PATHS = NO;
				CLANG_WARN_BOOL_CONVERSION = YES;
				CLANG_WARN_CONSTANT_CONVERSION = YES;
				CLANG_WARN_DIRECT_OBJC_ISA_USAGE = YES_ERROR;
				CLANG_WARN_EMPTY_BODY = YES;
				CLANG_WARN_ENUM_CONVERSION = YES;
				CLANG_WARN_INT_CONVERSION = YES;
				CLANG_WARN_OBJC_ROOT_CLASS = YES_ERROR;
				CLANG_WARN_UNREACHABLE_CODE = YES;
				CLANG_WARN__DUPLICATE_METHOD_MATCH = YES;
				CODE_SIGN_IDENTITY = "3rd Party Mac Developer Application";
				COMBINE_HIDPI_IMAGES = YES;
				COPY_PHASE_STRIP = YES;
				CURRENT_PROJECT_VERSION = 1;
				DEBUG_INFORMATION_FORMAT = "dwarf-with-dsym";
				DEFINES_MODULE = YES;
				DYLIB_COMPATIBILITY_VERSION = 1;
				DYLIB_CURRENT_VERSION = 1;
				DYLIB_INSTALL_NAME_BASE = "@rpath";
				EMBEDDED_CONTENT_CONTAINS_SWIFT = YES;
				ENABLE_NS_ASSERTIONS = NO;
				ENABLE_STRICT_OBJC_MSGSEND = YES;
				FRAMEWORK_VERSION = A;
				GCC_WARN_64_TO_32_BIT_CONVERSION = YES;
				GCC_WARN_ABOUT_RETURN_TYPE = YES_ERROR;
				GCC_WARN_UNDECLARED_SELECTOR = YES;
				GCC_WARN_UNINITIALIZED_AUTOS = YES_AGGRESSIVE;
				GCC_WARN_UNUSED_FUNCTION = YES;
				GCC_WARN_UNUSED_VARIABLE = YES;
				INFOPLIST_FILE = Doggie_Mac/Info.plist;
				INSTALL_PATH = "$(LOCAL_LIBRARY_DIR)/Frameworks";
				LD_RUNPATH_SEARCH_PATHS = "$(inherited) @executable_path/../Frameworks @loader_path/Frameworks";
				LIBRARY_SEARCH_PATHS = (
					"$(inherited)",
					"$(SDKROOT)/usr/lib/system",
				);
				LLVM_LTO = YES;
				MTL_ENABLE_DEBUG_INFO = NO;
				PRODUCT_BUNDLE_IDENTIFIER = "com.SusanDoggie.$(PRODUCT_NAME:rfc1034identifier)";
				PRODUCT_NAME = "$(TARGET_NAME)";
				SDKROOT = macosx;
				SKIP_INSTALL = YES;
				VERSIONING_SYSTEM = "apple-generic";
				VERSION_INFO_PREFIX = "";
			};
			name = Release;
		};
		087FE5CC1A372D98005A2E9E /* Debug */ = {
			isa = XCBuildConfiguration;
			buildSettings = {
				ALWAYS_SEARCH_USER_PATHS = NO;
				CLANG_CXX_LANGUAGE_STANDARD = "gnu++0x";
				CLANG_CXX_LIBRARY = "libc++";
				CLANG_ENABLE_MODULES = YES;
				CLANG_ENABLE_OBJC_ARC = YES;
				CLANG_WARN_BOOL_CONVERSION = YES;
				CLANG_WARN_CONSTANT_CONVERSION = YES;
				CLANG_WARN_DIRECT_OBJC_ISA_USAGE = YES_ERROR;
				CLANG_WARN_EMPTY_BODY = YES;
				CLANG_WARN_ENUM_CONVERSION = YES;
				CLANG_WARN_INT_CONVERSION = YES;
				CLANG_WARN_OBJC_ROOT_CLASS = YES_ERROR;
				CLANG_WARN_UNREACHABLE_CODE = YES;
				CLANG_WARN__DUPLICATE_METHOD_MATCH = YES;
				COMBINE_HIDPI_IMAGES = YES;
				COPY_PHASE_STRIP = NO;
				ENABLE_STRICT_OBJC_MSGSEND = YES;
				FRAMEWORK_SEARCH_PATHS = (
					"$(DEVELOPER_FRAMEWORKS_DIR)",
					"$(inherited)",
				);
				GCC_C_LANGUAGE_STANDARD = gnu99;
				GCC_DYNAMIC_NO_PIC = NO;
				GCC_PREPROCESSOR_DEFINITIONS = (
					"DEBUG=1",
					"$(inherited)",
				);
				GCC_SYMBOLS_PRIVATE_EXTERN = NO;
				GCC_WARN_64_TO_32_BIT_CONVERSION = YES;
				GCC_WARN_ABOUT_RETURN_TYPE = YES_ERROR;
				GCC_WARN_UNDECLARED_SELECTOR = YES;
				GCC_WARN_UNINITIALIZED_AUTOS = YES_AGGRESSIVE;
				GCC_WARN_UNUSED_FUNCTION = YES;
				GCC_WARN_UNUSED_VARIABLE = YES;
				INFOPLIST_FILE = Doggie_MacTests/Info.plist;
				LD_RUNPATH_SEARCH_PATHS = "$(inherited) @executable_path/../Frameworks @loader_path/../Frameworks";
				MACOSX_DEPLOYMENT_TARGET = 10.10;
				MTL_ENABLE_DEBUG_INFO = YES;
				PRODUCT_BUNDLE_IDENTIFIER = "com.SusanDoggie.$(PRODUCT_NAME:rfc1034identifier)";
				PRODUCT_NAME = "$(TARGET_NAME)";
				SDKROOT = macosx;
			};
			name = Debug;
		};
		087FE5CD1A372D98005A2E9E /* Release */ = {
			isa = XCBuildConfiguration;
			buildSettings = {
				ALWAYS_SEARCH_USER_PATHS = NO;
				CLANG_CXX_LANGUAGE_STANDARD = "gnu++0x";
				CLANG_CXX_LIBRARY = "libc++";
				CLANG_ENABLE_MODULES = YES;
				CLANG_ENABLE_OBJC_ARC = YES;
				CLANG_WARN_BOOL_CONVERSION = YES;
				CLANG_WARN_CONSTANT_CONVERSION = YES;
				CLANG_WARN_DIRECT_OBJC_ISA_USAGE = YES_ERROR;
				CLANG_WARN_EMPTY_BODY = YES;
				CLANG_WARN_ENUM_CONVERSION = YES;
				CLANG_WARN_INT_CONVERSION = YES;
				CLANG_WARN_OBJC_ROOT_CLASS = YES_ERROR;
				CLANG_WARN_UNREACHABLE_CODE = YES;
				CLANG_WARN__DUPLICATE_METHOD_MATCH = YES;
				COMBINE_HIDPI_IMAGES = YES;
				COPY_PHASE_STRIP = YES;
				DEBUG_INFORMATION_FORMAT = "dwarf-with-dsym";
				ENABLE_NS_ASSERTIONS = NO;
				ENABLE_STRICT_OBJC_MSGSEND = YES;
				FRAMEWORK_SEARCH_PATHS = (
					"$(DEVELOPER_FRAMEWORKS_DIR)",
					"$(inherited)",
				);
				GCC_C_LANGUAGE_STANDARD = gnu99;
				GCC_WARN_64_TO_32_BIT_CONVERSION = YES;
				GCC_WARN_ABOUT_RETURN_TYPE = YES_ERROR;
				GCC_WARN_UNDECLARED_SELECTOR = YES;
				GCC_WARN_UNINITIALIZED_AUTOS = YES_AGGRESSIVE;
				GCC_WARN_UNUSED_FUNCTION = YES;
				GCC_WARN_UNUSED_VARIABLE = YES;
				INFOPLIST_FILE = Doggie_MacTests/Info.plist;
				LD_RUNPATH_SEARCH_PATHS = "$(inherited) @executable_path/../Frameworks @loader_path/../Frameworks";
				MACOSX_DEPLOYMENT_TARGET = 10.10;
				MTL_ENABLE_DEBUG_INFO = NO;
				PRODUCT_BUNDLE_IDENTIFIER = "com.SusanDoggie.$(PRODUCT_NAME:rfc1034identifier)";
				PRODUCT_NAME = "$(TARGET_NAME)";
				SDKROOT = macosx;
			};
			name = Release;
		};
/* End XCBuildConfiguration section */

/* Begin XCConfigurationList section */
		081321E41C11D1850081B2B9 /* Build configuration list for PBXNativeTarget "Doggie_iOS" */ = {
			isa = XCConfigurationList;
			buildConfigurations = (
				081321E51C11D1850081B2B9 /* Debug */,
				081321E61C11D1850081B2B9 /* Release */,
			);
			defaultConfigurationIsVisible = 0;
			defaultConfigurationName = Release;
		};
		081321E71C11D1850081B2B9 /* Build configuration list for PBXNativeTarget "Doggie_iOSTests" */ = {
			isa = XCConfigurationList;
			buildConfigurations = (
				081321E81C11D1850081B2B9 /* Debug */,
				081321E91C11D1850081B2B9 /* Release */,
			);
			defaultConfigurationIsVisible = 0;
			defaultConfigurationName = Release;
		};
		087FE58E1A372D23005A2E9E /* Build configuration list for PBXProject "Doggie" */ = {
			isa = XCConfigurationList;
			buildConfigurations = (
				087FE58F1A372D23005A2E9E /* Debug */,
				087FE5901A372D23005A2E9E /* Release */,
			);
			defaultConfigurationIsVisible = 0;
			defaultConfigurationName = Release;
		};
		087FE5C81A372D98005A2E9E /* Build configuration list for PBXNativeTarget "Doggie_Mac" */ = {
			isa = XCConfigurationList;
			buildConfigurations = (
				087FE5C91A372D98005A2E9E /* Debug */,
				087FE5CA1A372D98005A2E9E /* Release */,
			);
			defaultConfigurationIsVisible = 0;
			defaultConfigurationName = Release;
		};
		087FE5CB1A372D98005A2E9E /* Build configuration list for PBXNativeTarget "Doggie_MacTests" */ = {
			isa = XCConfigurationList;
			buildConfigurations = (
				087FE5CC1A372D98005A2E9E /* Debug */,
				087FE5CD1A372D98005A2E9E /* Release */,
			);
			defaultConfigurationIsVisible = 0;
			defaultConfigurationName = Release;
		};
/* End XCConfigurationList section */
	};
	rootObject = 087FE58B1A372D23005A2E9E /* Project object */;
}
